// !$*UTF8*$!
{
	archiveVersion = 1;
	classes = {
	};
	objectVersion = 50;
	objects = {

/* Begin PBXBuildFile section */
		85008B3422C9581B00A2CFB0 /* Localizable.strings in Resources */ = {isa = PBXBuildFile; fileRef = 85008B3322C9581B00A2CFB0 /* Localizable.strings */; };
		8510B255226F34AA0015D406 /* NSViewControllerExtension.swift in Sources */ = {isa = PBXBuildFile; fileRef = 8510B254226F34AA0015D406 /* NSViewControllerExtension.swift */; };
		8510B257226F3BFB0015D406 /* Assets.xcassets in Resources */ = {isa = PBXBuildFile; fileRef = 8510B256226F3BFB0015D406 /* Assets.xcassets */; };
		8510B25F226F4A6F0015D406 /* LogoToolbarItemIcon.pdf in Resources */ = {isa = PBXBuildFile; fileRef = 8510B25E226F4A6F0015D406 /* LogoToolbarItemIcon.pdf */; };
		8510B262226F5A3B0015D406 /* NSViewControllerExtension.swift in Sources */ = {isa = PBXBuildFile; fileRef = 8510B254226F34AA0015D406 /* NSViewControllerExtension.swift */; };
		8510B264226F5A840015D406 /* MainDashboardViewController.swift in Sources */ = {isa = PBXBuildFile; fileRef = 8510B263226F5A840015D406 /* MainDashboardViewController.swift */; };
		8510B266226F5AF30015D406 /* Dashboard.storyboard in Resources */ = {isa = PBXBuildFile; fileRef = 8510B265226F5AF30015D406 /* Dashboard.storyboard */; };
		8510B268226F5DFE0015D406 /* DashboardNavigationDelegate.swift in Sources */ = {isa = PBXBuildFile; fileRef = 8510B267226F5DFE0015D406 /* DashboardNavigationDelegate.swift */; };
		8510B26A226F7A8D0015D406 /* ScoreCardViewController.swift in Sources */ = {isa = PBXBuildFile; fileRef = 8510B269226F7A8D0015D406 /* ScoreCardViewController.swift */; };
		8540D8D022BBA356009A2FF4 /* SectionButton.swift in Sources */ = {isa = PBXBuildFile; fileRef = 8540D8CF22BBA356009A2FF4 /* SectionButton.swift */; };
		8540D8F222BBE264009A2FF4 /* HomeSectionViewController.swift in Sources */ = {isa = PBXBuildFile; fileRef = 8540D8F122BBE264009A2FF4 /* HomeSectionViewController.swift */; };
		8540D8F322BCDD56009A2FF4 /* Statistics.framework in Frameworks */ = {isa = PBXBuildFile; fileRef = 85E9520822AFC7590071281E /* Statistics.framework */; };
		8540D8F822BCDD60009A2FF4 /* Statistics.framework in Frameworks */ = {isa = PBXBuildFile; fileRef = 85E9520822AFC7590071281E /* Statistics.framework */; };
		85417D64226605E60062A081 /* AppDelegate.swift in Sources */ = {isa = PBXBuildFile; fileRef = 85417D63226605E60062A081 /* AppDelegate.swift */; };
		85417D66226605E60062A081 /* MainViewController.swift in Sources */ = {isa = PBXBuildFile; fileRef = 85417D65226605E60062A081 /* MainViewController.swift */; };
		85417D68226605E60062A081 /* Assets.xcassets in Resources */ = {isa = PBXBuildFile; fileRef = 85417D67226605E60062A081 /* Assets.xcassets */; };
		85417D6B226605E60062A081 /* Main.storyboard in Resources */ = {isa = PBXBuildFile; fileRef = 85417D69226605E60062A081 /* Main.storyboard */; };
		85417D8E226762870062A081 /* Cocoa.framework in Frameworks */ = {isa = PBXBuildFile; fileRef = 85417D8D226762870062A081 /* Cocoa.framework */; };
		85417D91226762870062A081 /* SafariExtensionHandler.swift in Sources */ = {isa = PBXBuildFile; fileRef = 85417D90226762870062A081 /* SafariExtensionHandler.swift */; };
		85417D93226762870062A081 /* SafariExtensionViewController.swift in Sources */ = {isa = PBXBuildFile; fileRef = 85417D92226762870062A081 /* SafariExtensionViewController.swift */; };
		85417D96226762870062A081 /* SafariExtensionViewController.xib in Resources */ = {isa = PBXBuildFile; fileRef = 85417D94226762870062A081 /* SafariExtensionViewController.xib */; };
		85417D99226762870062A081 /* script.js in Resources */ = {isa = PBXBuildFile; fileRef = 85417D98226762870062A081 /* script.js */; };
		85417D9F226762870062A081 /* SafariAppExtension.appex in Embed App Extensions */ = {isa = PBXBuildFile; fileRef = 85417D8B226762870062A081 /* SafariAppExtension.appex */; settings = {ATTRIBUTES = (RemoveHeadersOnCopy, ); }; };
		85417DA9226762E40062A081 /* Cocoa.framework in Frameworks */ = {isa = PBXBuildFile; fileRef = 85417D8D226762870062A081 /* Cocoa.framework */; };
		85417DAE226762E40062A081 /* ContentBlockerRequestHandler.swift in Sources */ = {isa = PBXBuildFile; fileRef = 85417DAD226762E40062A081 /* ContentBlockerRequestHandler.swift */; };
		85417DB3226762E40062A081 /* ContentBlockerExtension.appex in Embed App Extensions */ = {isa = PBXBuildFile; fileRef = 85417DA8226762E40062A081 /* ContentBlockerExtension.appex */; settings = {ATTRIBUTES = (RemoveHeadersOnCopy, ); }; };
		8541840F2283A54300DD2900 /* TrackerDataManagerTests.swift in Sources */ = {isa = PBXBuildFile; fileRef = 8541840E2283A54300DD2900 /* TrackerDataManagerTests.swift */; };
		854A9F3822706805008F2A93 /* proximanova-regular.otf in Resources */ = {isa = PBXBuildFile; fileRef = 854A9F3322706805008F2A93 /* proximanova-regular.otf */; };
		854A9F3922706805008F2A93 /* proximanova-light.otf in Resources */ = {isa = PBXBuildFile; fileRef = 854A9F3422706805008F2A93 /* proximanova-light.otf */; };
		854A9F3A22706805008F2A93 /* proximanova-extrabold.otf in Resources */ = {isa = PBXBuildFile; fileRef = 854A9F3522706805008F2A93 /* proximanova-extrabold.otf */; };
		854A9F3B22706805008F2A93 /* proximanova-bold.otf in Resources */ = {isa = PBXBuildFile; fileRef = 854A9F3622706805008F2A93 /* proximanova-bold.otf */; };
		854A9F3C22706805008F2A93 /* proximanova-semibold.otf in Resources */ = {isa = PBXBuildFile; fileRef = 854A9F3722706805008F2A93 /* proximanova-semibold.otf */; };
		854A9F3D22706817008F2A93 /* proximanova-bold.otf in Resources */ = {isa = PBXBuildFile; fileRef = 854A9F3622706805008F2A93 /* proximanova-bold.otf */; };
		854A9F3E22706817008F2A93 /* proximanova-extrabold.otf in Resources */ = {isa = PBXBuildFile; fileRef = 854A9F3522706805008F2A93 /* proximanova-extrabold.otf */; };
		854A9F3F22706817008F2A93 /* proximanova-light.otf in Resources */ = {isa = PBXBuildFile; fileRef = 854A9F3422706805008F2A93 /* proximanova-light.otf */; };
		854A9F4022706817008F2A93 /* proximanova-regular.otf in Resources */ = {isa = PBXBuildFile; fileRef = 854A9F3322706805008F2A93 /* proximanova-regular.otf */; };
		854A9F4122706817008F2A93 /* proximanova-semibold.otf in Resources */ = {isa = PBXBuildFile; fileRef = 854A9F3722706805008F2A93 /* proximanova-semibold.otf */; };
		854A9F45227080F7008F2A93 /* DomainPromptViewController.swift in Sources */ = {isa = PBXBuildFile; fileRef = 854A9F44227080F7008F2A93 /* DomainPromptViewController.swift */; };
		854A9F502271B078008F2A93 /* Shared.xcassets in Resources */ = {isa = PBXBuildFile; fileRef = 854A9F4F2271B078008F2A93 /* Shared.xcassets */; };
		854A9F512271B0BA008F2A93 /* Shared.xcassets in Resources */ = {isa = PBXBuildFile; fileRef = 854A9F4F2271B078008F2A93 /* Shared.xcassets */; };
		854A9F542271CB01008F2A93 /* AppIcon.xcassets in Resources */ = {isa = PBXBuildFile; fileRef = 854A9F532271CB01008F2A93 /* AppIcon.xcassets */; };
		854A9F552271CB0A008F2A93 /* AppIcon.xcassets in Resources */ = {isa = PBXBuildFile; fileRef = 854A9F532271CB01008F2A93 /* AppIcon.xcassets */; };
		854A9F562271CB0B008F2A93 /* AppIcon.xcassets in Resources */ = {isa = PBXBuildFile; fileRef = 854A9F532271CB01008F2A93 /* AppIcon.xcassets */; };
		8560B55A22CE613C0071CC72 /* StringExtension.swift in Sources */ = {isa = PBXBuildFile; fileRef = 8590F40A22CE563300B7473A /* StringExtension.swift */; };
		8560B55B22CE61C70071CC72 /* StringExtension.swift in Sources */ = {isa = PBXBuildFile; fileRef = 8590F40A22CE563300B7473A /* StringExtension.swift */; };
		8587A6932278901400F622AF /* TrackerDetectionTests.swift in Sources */ = {isa = PBXBuildFile; fileRef = 8587A6922278901400F622AF /* TrackerDetectionTests.swift */; };
		8587A6952278901400F622AF /* TrackerBlocking.h in Headers */ = {isa = PBXBuildFile; fileRef = 8587A6852278901300F622AF /* TrackerBlocking.h */; settings = {ATTRIBUTES = (Public, ); }; };
		8587A6982278901400F622AF /* TrackerBlocking.framework in Frameworks */ = {isa = PBXBuildFile; fileRef = 8587A6832278901300F622AF /* TrackerBlocking.framework */; };
		8587A6992278901400F622AF /* TrackerBlocking.framework in Embed Frameworks */ = {isa = PBXBuildFile; fileRef = 8587A6832278901300F622AF /* TrackerBlocking.framework */; settings = {ATTRIBUTES = (CodeSignOnCopy, RemoveHeadersOnCopy, ); }; };
		8587A6A22278903700F622AF /* TrackerDetection.swift in Sources */ = {isa = PBXBuildFile; fileRef = 8587A6742278591D00F622AF /* TrackerDetection.swift */; };
		8587A6A32278905600F622AF /* TrackerBlocking.framework in Frameworks */ = {isa = PBXBuildFile; fileRef = 8587A6832278901300F622AF /* TrackerBlocking.framework */; };
		8587A6A42278905900F622AF /* TrackerBlocking.framework in Frameworks */ = {isa = PBXBuildFile; fileRef = 8587A6832278901300F622AF /* TrackerBlocking.framework */; };
		8587FD5522C67CD70072F47F /* Localizable.stringsdict in Resources */ = {isa = PBXBuildFile; fileRef = 8587FD5422C67CD70072F47F /* Localizable.stringsdict */; };
		8587FD5722C67D2D0072F47F /* UserText.swift in Sources */ = {isa = PBXBuildFile; fileRef = 8587FD5622C67D2D0072F47F /* UserText.swift */; };
		8590F40B22CE563300B7473A /* StringExtension.swift in Sources */ = {isa = PBXBuildFile; fileRef = 8590F40A22CE563300B7473A /* StringExtension.swift */; };
		8590F40C22CE563800B7473A /* StringExtension.swift in Sources */ = {isa = PBXBuildFile; fileRef = 8590F40A22CE563300B7473A /* StringExtension.swift */; };
		8590F40D22CE563900B7473A /* StringExtension.swift in Sources */ = {isa = PBXBuildFile; fileRef = 8590F40A22CE563300B7473A /* StringExtension.swift */; };
		8590F40E22CE563A00B7473A /* StringExtension.swift in Sources */ = {isa = PBXBuildFile; fileRef = 8590F40A22CE563300B7473A /* StringExtension.swift */; };
		8590F40F22CE563A00B7473A /* StringExtension.swift in Sources */ = {isa = PBXBuildFile; fileRef = 8590F40A22CE563300B7473A /* StringExtension.swift */; };
		8590F41122CE563C00B7473A /* StringExtension.swift in Sources */ = {isa = PBXBuildFile; fileRef = 8590F40A22CE563300B7473A /* StringExtension.swift */; };
		8590F41222CE564600B7473A /* URLExtension.swift in Sources */ = {isa = PBXBuildFile; fileRef = 85E9521E22AFDB220071281E /* URLExtension.swift */; };
		8590F41322CE564600B7473A /* URLExtension.swift in Sources */ = {isa = PBXBuildFile; fileRef = 85E9521E22AFDB220071281E /* URLExtension.swift */; };
		8590F41422CE564600B7473A /* URLExtension.swift in Sources */ = {isa = PBXBuildFile; fileRef = 85E9521E22AFDB220071281E /* URLExtension.swift */; };
		8590F41522CE564700B7473A /* URLExtension.swift in Sources */ = {isa = PBXBuildFile; fileRef = 85E9521E22AFDB220071281E /* URLExtension.swift */; };
		8590F41622CE564F00B7473A /* URLExtension.swift in Sources */ = {isa = PBXBuildFile; fileRef = 85E9521E22AFDB220071281E /* URLExtension.swift */; };
		859914D12278946A0023C1F2 /* TrackerBlockingDependencies.swift in Sources */ = {isa = PBXBuildFile; fileRef = 859914D02278946A0023C1F2 /* TrackerBlockingDependencies.swift */; };
		859914D3227895F40023C1F2 /* DetectedTracker.swift in Sources */ = {isa = PBXBuildFile; fileRef = 859914D2227895F40023C1F2 /* DetectedTracker.swift */; };
		859914D92278A3DA0023C1F2 /* mocks.swift in Sources */ = {isa = PBXBuildFile; fileRef = 859914D82278A3DA0023C1F2 /* mocks.swift */; };
		859914DD2278B8430023C1F2 /* KnownTracker.swift in Sources */ = {isa = PBXBuildFile; fileRef = 859914DC2278B8430023C1F2 /* KnownTracker.swift */; };
		859914DF227B08EC0023C1F2 /* PrivacyPracticesManager.swift in Sources */ = {isa = PBXBuildFile; fileRef = 859914DE227B08EC0023C1F2 /* PrivacyPracticesManager.swift */; };
		859914E1227B0C1C0023C1F2 /* PrivacyPractice.swift in Sources */ = {isa = PBXBuildFile; fileRef = 859914E0227B0C1C0023C1F2 /* PrivacyPractice.swift */; };
		859914E5227B4FA00023C1F2 /* Entity.swift in Sources */ = {isa = PBXBuildFile; fileRef = 859914E4227B4FA00023C1F2 /* Entity.swift */; };
		859914FC227CCC4D0023C1F2 /* main.swift in Sources */ = {isa = PBXBuildFile; fileRef = 859914FB227CCC4D0023C1F2 /* main.swift */; };
		8599150E227D00B70023C1F2 /* TrackerData.swift in Sources */ = {isa = PBXBuildFile; fileRef = 8599150A227CF7E30023C1F2 /* TrackerData.swift */; };
		85991510228036AD0023C1F2 /* TrackerDataManager.swift in Sources */ = {isa = PBXBuildFile; fileRef = 8599150F228036AD0023C1F2 /* TrackerDataManager.swift */; };
		85991511228037F40023C1F2 /* TrackerDataManager.swift in Sources */ = {isa = PBXBuildFile; fileRef = 8599150F228036AD0023C1F2 /* TrackerDataManager.swift */; };
		8599154F2289D0E30023C1F2 /* trackerData.json in Resources */ = {isa = PBXBuildFile; fileRef = 8599154E2289D0E30023C1F2 /* trackerData.json */; };
		859F13D0227A3A2100EDE40A /* Grade.swift in Sources */ = {isa = PBXBuildFile; fileRef = 859F13CF227A3A2100EDE40A /* Grade.swift */; };
		859F13D2227A3B2C00EDE40A /* GradeTests.swift in Sources */ = {isa = PBXBuildFile; fileRef = 859F13D1227A3B2C00EDE40A /* GradeTests.swift */; };
		859F13D4227A3B8700EDE40A /* grade-cases.json in Resources */ = {isa = PBXBuildFile; fileRef = 859F13D3227A3B8700EDE40A /* grade-cases.json */; };
		859F13D6227A468600EDE40A /* PageDataTests.swift in Sources */ = {isa = PBXBuildFile; fileRef = 859F13D5227A468600EDE40A /* PageDataTests.swift */; };
		859F13DB227A4BE100EDE40A /* PageData.swift in Sources */ = {isa = PBXBuildFile; fileRef = 859F13CC227926D800EDE40A /* PageData.swift */; };
		85A527C0227F2E8000233FDF /* BlockerListManager.swift in Sources */ = {isa = PBXBuildFile; fileRef = 85A527BF227F2E8000233FDF /* BlockerListManager.swift */; };
		85A527C9227F634600233FDF /* ContentBlockerRule.swift in Sources */ = {isa = PBXBuildFile; fileRef = 85A527C8227F634600233FDF /* ContentBlockerRule.swift */; };
		85A527CA227F667B00233FDF /* TrustedSitesManager.swift in Sources */ = {isa = PBXBuildFile; fileRef = 854A9F4622708783008F2A93 /* TrustedSitesManager.swift */; };
		85A527D0227F793800233FDF /* EntityExtension.swift in Sources */ = {isa = PBXBuildFile; fileRef = 85991508227CF76A0023C1F2 /* EntityExtension.swift */; };
		85A527D1227F793B00233FDF /* KnownTrackerExtension.swift in Sources */ = {isa = PBXBuildFile; fileRef = 85A527C3227F4FA500233FDF /* KnownTrackerExtension.swift */; };
		85A527D3227F85A600233FDF /* TrustedSitesManager.swift in Sources */ = {isa = PBXBuildFile; fileRef = 854A9F4622708783008F2A93 /* TrustedSitesManager.swift */; };
		85A527D4227F85A900233FDF /* TrackerDetection.swift in Sources */ = {isa = PBXBuildFile; fileRef = 8587A6742278591D00F622AF /* TrackerDetection.swift */; };
		85A527D5227F85AE00233FDF /* TrackerData.swift in Sources */ = {isa = PBXBuildFile; fileRef = 8599150A227CF7E30023C1F2 /* TrackerData.swift */; };
		85A527D6227F85B300233FDF /* PrivacyPracticesManager.swift in Sources */ = {isa = PBXBuildFile; fileRef = 859914DE227B08EC0023C1F2 /* PrivacyPracticesManager.swift */; };
		85A527D7227F85B500233FDF /* PrivacyPractice.swift in Sources */ = {isa = PBXBuildFile; fileRef = 859914E0227B0C1C0023C1F2 /* PrivacyPractice.swift */; };
		85A527D8227F85B800233FDF /* PageData.swift in Sources */ = {isa = PBXBuildFile; fileRef = 859F13CC227926D800EDE40A /* PageData.swift */; };
		85A527DA227F85BF00233FDF /* KnownTracker.swift in Sources */ = {isa = PBXBuildFile; fileRef = 859914DC2278B8430023C1F2 /* KnownTracker.swift */; };
		85A527DB227F85C300233FDF /* Grade.swift in Sources */ = {isa = PBXBuildFile; fileRef = 859F13CF227A3A2100EDE40A /* Grade.swift */; };
		85A527DD227F85C900233FDF /* Entity.swift in Sources */ = {isa = PBXBuildFile; fileRef = 859914E4227B4FA00023C1F2 /* Entity.swift */; };
		85A527DE227F85CC00233FDF /* DetectedTracker.swift in Sources */ = {isa = PBXBuildFile; fileRef = 859914D2227895F40023C1F2 /* DetectedTracker.swift */; };
		85A527DF227F85CF00233FDF /* TrackerBlockingDependencies.swift in Sources */ = {isa = PBXBuildFile; fileRef = 859914D02278946A0023C1F2 /* TrackerBlockingDependencies.swift */; };
		85A527E0227F85D200233FDF /* ContentBlockerRule.swift in Sources */ = {isa = PBXBuildFile; fileRef = 85A527C8227F634600233FDF /* ContentBlockerRule.swift */; };
		85A527E1227F85D500233FDF /* BlockerListManager.swift in Sources */ = {isa = PBXBuildFile; fileRef = 85A527BF227F2E8000233FDF /* BlockerListManager.swift */; };
		85C7AC5C22CCDB3500619302 /* TrackersDetailViewController.swift in Sources */ = {isa = PBXBuildFile; fileRef = 85C7AC5B22CCDB3500619302 /* TrackersDetailViewController.swift */; };
		85CF7BB922C3964D002634C7 /* PrivacyProtection.xcassets in Resources */ = {isa = PBXBuildFile; fileRef = 85CF7BB822C3964D002634C7 /* PrivacyProtection.xcassets */; };
		85CFD4C122CB98D600C8B1AA /* NavigationController.swift in Sources */ = {isa = PBXBuildFile; fileRef = 85CFD4C022CB98D600C8B1AA /* NavigationController.swift */; };
		85D5017B22C4322B005DDF47 /* Clickables.swift in Sources */ = {isa = PBXBuildFile; fileRef = 85D5017A22C4322B005DDF47 /* Clickables.swift */; };
		85E9520C22AFC7590071281E /* Statistics.h in Headers */ = {isa = PBXBuildFile; fileRef = 85E9520A22AFC7590071281E /* Statistics.h */; settings = {ATTRIBUTES = (Public, ); }; };
		85E9520F22AFC7590071281E /* Statistics.framework in Frameworks */ = {isa = PBXBuildFile; fileRef = 85E9520822AFC7590071281E /* Statistics.framework */; };
		85E9521022AFC7590071281E /* Statistics.framework in Embed Frameworks */ = {isa = PBXBuildFile; fileRef = 85E9520822AFC7590071281E /* Statistics.framework */; settings = {ATTRIBUTES = (CodeSignOnCopy, RemoveHeadersOnCopy, ); }; };
		85E9521522AFC7C20071281E /* StatisticsLoader.swift in Sources */ = {isa = PBXBuildFile; fileRef = 85E9521422AFC7C20071281E /* StatisticsLoader.swift */; };
		85E9521722AFC7FB0071281E /* StatisticsDependencies.swift in Sources */ = {isa = PBXBuildFile; fileRef = 85E9521622AFC7FB0071281E /* StatisticsDependencies.swift */; };
		85E9521922AFC8F10071281E /* StatisticsStore.swift in Sources */ = {isa = PBXBuildFile; fileRef = 85E9521822AFC8F10071281E /* StatisticsStore.swift */; };
		85E9521D22AFCE7A0071281E /* Atb.swift in Sources */ = {isa = PBXBuildFile; fileRef = 85E9521C22AFCE7A0071281E /* Atb.swift */; };
		85E9522022AFDB5B0071281E /* URLExtension.swift in Sources */ = {isa = PBXBuildFile; fileRef = 85E9521E22AFDB220071281E /* URLExtension.swift */; };
		85E9522122AFDB5C0071281E /* URLExtension.swift in Sources */ = {isa = PBXBuildFile; fileRef = 85E9521E22AFDB220071281E /* URLExtension.swift */; };
		85E9522F22B0FDE80071281E /* Core.h in Headers */ = {isa = PBXBuildFile; fileRef = 85E9522D22B0FDE80071281E /* Core.h */; settings = {ATTRIBUTES = (Public, ); }; };
		85E9523222B0FDE80071281E /* Core.framework in Frameworks */ = {isa = PBXBuildFile; fileRef = 85E9522B22B0FDE80071281E /* Core.framework */; };
		85E9523322B0FDE80071281E /* Core.framework in Embed Frameworks */ = {isa = PBXBuildFile; fileRef = 85E9522B22B0FDE80071281E /* Core.framework */; settings = {ATTRIBUTES = (CodeSignOnCopy, RemoveHeadersOnCopy, ); }; };
		85E9523722B0FDFB0071281E /* APIRequest.swift in Sources */ = {isa = PBXBuildFile; fileRef = 85E9521A22AFCA6B0071281E /* APIRequest.swift */; };
		85E9523822B0FDFB0071281E /* APIHeaders.swift in Sources */ = {isa = PBXBuildFile; fileRef = 85E9522422B0FCE10071281E /* APIHeaders.swift */; };
		85E9523922B0FDFB0071281E /* AppVersion.swift in Sources */ = {isa = PBXBuildFile; fileRef = 85E9522222B0FB8F0071281E /* AppVersion.swift */; };
		85E9523E22B0FF100071281E /* Core.framework in Frameworks */ = {isa = PBXBuildFile; fileRef = 85E9522B22B0FDE80071281E /* Core.framework */; };
		85E9524622B13E790071281E /* StatisticsLoaderTests.swift in Sources */ = {isa = PBXBuildFile; fileRef = 85E9524522B13E790071281E /* StatisticsLoaderTests.swift */; };
		85E9524822B284710071281E /* StatisticsStoreTests.swift in Sources */ = {isa = PBXBuildFile; fileRef = 85E9524722B284710071281E /* StatisticsStoreTests.swift */; };
/* End PBXBuildFile section */

/* Begin PBXContainerItemProxy section */
		85417D9D226762870062A081 /* PBXContainerItemProxy */ = {
			isa = PBXContainerItemProxy;
			containerPortal = 85417D58226605E60062A081 /* Project object */;
			proxyType = 1;
			remoteGlobalIDString = 85417D8A226762870062A081;
			remoteInfo = Safari;
		};
		85417DB1226762E40062A081 /* PBXContainerItemProxy */ = {
			isa = PBXContainerItemProxy;
			containerPortal = 85417D58226605E60062A081 /* Project object */;
			proxyType = 1;
			remoteGlobalIDString = 85417DA7226762E40062A081;
			remoteInfo = ContentBlocker;
		};
		85488E3322CEA2C3005C8BCE /* PBXContainerItemProxy */ = {
			isa = PBXContainerItemProxy;
			containerPortal = 85417D58226605E60062A081 /* Project object */;
			proxyType = 1;
			remoteGlobalIDString = 85417D8A226762870062A081;
			remoteInfo = SafariAppExtension;
		};
		85488E3522CEA399005C8BCE /* PBXContainerItemProxy */ = {
			isa = PBXContainerItemProxy;
			containerPortal = 85417D58226605E60062A081 /* Project object */;
			proxyType = 1;
			remoteGlobalIDString = 8587A6822278901300F622AF;
			remoteInfo = TrackerBlocking;
		};
		8587A68F2278901400F622AF /* PBXContainerItemProxy */ = {
			isa = PBXContainerItemProxy;
			containerPortal = 85417D58226605E60062A081 /* Project object */;
			proxyType = 1;
			remoteGlobalIDString = 85417D5F226605E60062A081;
			remoteInfo = DuckDuckGo;
		};
		8587A6962278901400F622AF /* PBXContainerItemProxy */ = {
			isa = PBXContainerItemProxy;
			containerPortal = 85417D58226605E60062A081 /* Project object */;
			proxyType = 1;
			remoteGlobalIDString = 8587A6822278901300F622AF;
			remoteInfo = TrackerBlocking;
		};
		85E9520D22AFC7590071281E /* PBXContainerItemProxy */ = {
			isa = PBXContainerItemProxy;
			containerPortal = 85417D58226605E60062A081 /* Project object */;
			proxyType = 1;
			remoteGlobalIDString = 85E9520722AFC7590071281E;
			remoteInfo = Statistics;
		};
		85E9523022B0FDE80071281E /* PBXContainerItemProxy */ = {
			isa = PBXContainerItemProxy;
			containerPortal = 85417D58226605E60062A081 /* Project object */;
			proxyType = 1;
			remoteGlobalIDString = 85E9522A22B0FDE80071281E;
			remoteInfo = Core;
		};
		85E9523F22B108210071281E /* PBXContainerItemProxy */ = {
			isa = PBXContainerItemProxy;
			containerPortal = 85417D58226605E60062A081 /* Project object */;
			proxyType = 1;
			remoteGlobalIDString = 85E9522A22B0FDE80071281E;
			remoteInfo = Core;
		};
/* End PBXContainerItemProxy section */

/* Begin PBXCopyFilesBuildPhase section */
		85417DA3226762870062A081 /* Embed App Extensions */ = {
			isa = PBXCopyFilesBuildPhase;
			buildActionMask = 2147483647;
			dstPath = "";
			dstSubfolderSpec = 13;
			files = (
				85417D9F226762870062A081 /* SafariAppExtension.appex in Embed App Extensions */,
				85417DB3226762E40062A081 /* ContentBlockerExtension.appex in Embed App Extensions */,
			);
			name = "Embed App Extensions";
			runOnlyForDeploymentPostprocessing = 0;
		};
		8587A69D2278901400F622AF /* Embed Frameworks */ = {
			isa = PBXCopyFilesBuildPhase;
			buildActionMask = 2147483647;
			dstPath = "";
			dstSubfolderSpec = 10;
			files = (
				8587A6992278901400F622AF /* TrackerBlocking.framework in Embed Frameworks */,
				85E9523322B0FDE80071281E /* Core.framework in Embed Frameworks */,
				85E9521022AFC7590071281E /* Statistics.framework in Embed Frameworks */,
			);
			name = "Embed Frameworks";
			runOnlyForDeploymentPostprocessing = 0;
		};
		859914F7227CCC4D0023C1F2 /* CopyFiles */ = {
			isa = PBXCopyFilesBuildPhase;
			buildActionMask = 2147483647;
			dstPath = usr/share/man/man1;
			dstSubfolderSpec = 10;
			files = (
			);
			runOnlyForDeploymentPostprocessing = 1;
		};
/* End PBXCopyFilesBuildPhase section */

/* Begin PBXFileReference section */
		85008B3322C9581B00A2CFB0 /* Localizable.strings */ = {isa = PBXFileReference; lastKnownFileType = text.plist.strings; path = Localizable.strings; sourceTree = "<group>"; };
		8510B254226F34AA0015D406 /* NSViewControllerExtension.swift */ = {isa = PBXFileReference; lastKnownFileType = sourcecode.swift; path = NSViewControllerExtension.swift; sourceTree = "<group>"; };
		8510B256226F3BFB0015D406 /* Assets.xcassets */ = {isa = PBXFileReference; lastKnownFileType = folder.assetcatalog; path = Assets.xcassets; sourceTree = "<group>"; };
		8510B25E226F4A6F0015D406 /* LogoToolbarItemIcon.pdf */ = {isa = PBXFileReference; lastKnownFileType = image.pdf; path = LogoToolbarItemIcon.pdf; sourceTree = "<group>"; };
		8510B263226F5A840015D406 /* MainDashboardViewController.swift */ = {isa = PBXFileReference; lastKnownFileType = sourcecode.swift; path = MainDashboardViewController.swift; sourceTree = "<group>"; };
		8510B265226F5AF30015D406 /* Dashboard.storyboard */ = {isa = PBXFileReference; lastKnownFileType = file.storyboard; path = Dashboard.storyboard; sourceTree = "<group>"; };
		8510B267226F5DFE0015D406 /* DashboardNavigationDelegate.swift */ = {isa = PBXFileReference; lastKnownFileType = sourcecode.swift; path = DashboardNavigationDelegate.swift; sourceTree = "<group>"; };
		8510B269226F7A8D0015D406 /* ScoreCardViewController.swift */ = {isa = PBXFileReference; lastKnownFileType = sourcecode.swift; path = ScoreCardViewController.swift; sourceTree = "<group>"; };
		8540D8CF22BBA356009A2FF4 /* SectionButton.swift */ = {isa = PBXFileReference; lastKnownFileType = sourcecode.swift; path = SectionButton.swift; sourceTree = "<group>"; };
		8540D8F122BBE264009A2FF4 /* HomeSectionViewController.swift */ = {isa = PBXFileReference; lastKnownFileType = sourcecode.swift; path = HomeSectionViewController.swift; sourceTree = "<group>"; };
		85417D60226605E60062A081 /* DuckDuckGo Privacy Essentials.app */ = {isa = PBXFileReference; explicitFileType = wrapper.application; includeInIndex = 0; path = "DuckDuckGo Privacy Essentials.app"; sourceTree = BUILT_PRODUCTS_DIR; };
		85417D63226605E60062A081 /* AppDelegate.swift */ = {isa = PBXFileReference; lastKnownFileType = sourcecode.swift; path = AppDelegate.swift; sourceTree = "<group>"; };
		85417D65226605E60062A081 /* MainViewController.swift */ = {isa = PBXFileReference; lastKnownFileType = sourcecode.swift; path = MainViewController.swift; sourceTree = "<group>"; };
		85417D67226605E60062A081 /* Assets.xcassets */ = {isa = PBXFileReference; lastKnownFileType = folder.assetcatalog; path = Assets.xcassets; sourceTree = "<group>"; };
		85417D6A226605E60062A081 /* Base */ = {isa = PBXFileReference; lastKnownFileType = file.storyboard; name = Base; path = Base.lproj/Main.storyboard; sourceTree = "<group>"; };
		85417D6C226605E60062A081 /* Info.plist */ = {isa = PBXFileReference; lastKnownFileType = text.plist.xml; path = Info.plist; sourceTree = "<group>"; };
		85417D6D226605E60062A081 /* DuckDuckGo.entitlements */ = {isa = PBXFileReference; lastKnownFileType = text.plist.entitlements; path = DuckDuckGo.entitlements; sourceTree = "<group>"; };
		85417D8B226762870062A081 /* SafariAppExtension.appex */ = {isa = PBXFileReference; explicitFileType = "wrapper.app-extension"; includeInIndex = 0; path = SafariAppExtension.appex; sourceTree = BUILT_PRODUCTS_DIR; };
		85417D8D226762870062A081 /* Cocoa.framework */ = {isa = PBXFileReference; lastKnownFileType = wrapper.framework; name = Cocoa.framework; path = System/Library/Frameworks/Cocoa.framework; sourceTree = SDKROOT; };
		85417D90226762870062A081 /* SafariExtensionHandler.swift */ = {isa = PBXFileReference; lastKnownFileType = sourcecode.swift; path = SafariExtensionHandler.swift; sourceTree = "<group>"; };
		85417D92226762870062A081 /* SafariExtensionViewController.swift */ = {isa = PBXFileReference; lastKnownFileType = sourcecode.swift; path = SafariExtensionViewController.swift; sourceTree = "<group>"; };
		85417D95226762870062A081 /* Base */ = {isa = PBXFileReference; lastKnownFileType = file.xib; name = Base; path = Base.lproj/SafariExtensionViewController.xib; sourceTree = "<group>"; };
		85417D97226762870062A081 /* Info.plist */ = {isa = PBXFileReference; lastKnownFileType = text.plist.xml; path = Info.plist; sourceTree = "<group>"; };
		85417D98226762870062A081 /* script.js */ = {isa = PBXFileReference; lastKnownFileType = sourcecode.javascript; path = script.js; sourceTree = "<group>"; };
		85417D9C226762870062A081 /* Safari.entitlements */ = {isa = PBXFileReference; lastKnownFileType = text.plist.entitlements; path = Safari.entitlements; sourceTree = "<group>"; };
		85417DA8226762E40062A081 /* ContentBlockerExtension.appex */ = {isa = PBXFileReference; explicitFileType = "wrapper.app-extension"; includeInIndex = 0; path = ContentBlockerExtension.appex; sourceTree = BUILT_PRODUCTS_DIR; };
		85417DAD226762E40062A081 /* ContentBlockerRequestHandler.swift */ = {isa = PBXFileReference; lastKnownFileType = sourcecode.swift; path = ContentBlockerRequestHandler.swift; sourceTree = "<group>"; };
		85417DAF226762E40062A081 /* Info.plist */ = {isa = PBXFileReference; lastKnownFileType = text.plist.xml; path = Info.plist; sourceTree = "<group>"; };
		85417DB0226762E40062A081 /* ContentBlocker.entitlements */ = {isa = PBXFileReference; lastKnownFileType = text.plist.entitlements; path = ContentBlocker.entitlements; sourceTree = "<group>"; };
		8541840E2283A54300DD2900 /* TrackerDataManagerTests.swift */ = {isa = PBXFileReference; lastKnownFileType = sourcecode.swift; path = TrackerDataManagerTests.swift; sourceTree = "<group>"; };
		854A9F3322706805008F2A93 /* proximanova-regular.otf */ = {isa = PBXFileReference; lastKnownFileType = text; name = "proximanova-regular.otf"; path = "fonts/licensed/proximanova-regular.otf"; sourceTree = "<group>"; };
		854A9F3422706805008F2A93 /* proximanova-light.otf */ = {isa = PBXFileReference; lastKnownFileType = text; name = "proximanova-light.otf"; path = "fonts/licensed/proximanova-light.otf"; sourceTree = "<group>"; };
		854A9F3522706805008F2A93 /* proximanova-extrabold.otf */ = {isa = PBXFileReference; lastKnownFileType = text; name = "proximanova-extrabold.otf"; path = "fonts/licensed/proximanova-extrabold.otf"; sourceTree = "<group>"; };
		854A9F3622706805008F2A93 /* proximanova-bold.otf */ = {isa = PBXFileReference; lastKnownFileType = text; name = "proximanova-bold.otf"; path = "fonts/licensed/proximanova-bold.otf"; sourceTree = "<group>"; };
		854A9F3722706805008F2A93 /* proximanova-semibold.otf */ = {isa = PBXFileReference; lastKnownFileType = text; name = "proximanova-semibold.otf"; path = "fonts/licensed/proximanova-semibold.otf"; sourceTree = "<group>"; };
		854A9F44227080F7008F2A93 /* DomainPromptViewController.swift */ = {isa = PBXFileReference; lastKnownFileType = sourcecode.swift; path = DomainPromptViewController.swift; sourceTree = "<group>"; };
		854A9F4622708783008F2A93 /* TrustedSitesManager.swift */ = {isa = PBXFileReference; lastKnownFileType = sourcecode.swift; path = TrustedSitesManager.swift; sourceTree = "<group>"; };
		854A9F4F2271B078008F2A93 /* Shared.xcassets */ = {isa = PBXFileReference; lastKnownFileType = folder.assetcatalog; path = Shared.xcassets; sourceTree = "<group>"; };
		854A9F532271CB01008F2A93 /* AppIcon.xcassets */ = {isa = PBXFileReference; lastKnownFileType = folder.assetcatalog; path = AppIcon.xcassets; sourceTree = "<group>"; };
		8587A6742278591D00F622AF /* TrackerDetection.swift */ = {isa = PBXFileReference; lastKnownFileType = sourcecode.swift; path = TrackerDetection.swift; sourceTree = "<group>"; };
		8587A6832278901300F622AF /* TrackerBlocking.framework */ = {isa = PBXFileReference; explicitFileType = wrapper.framework; includeInIndex = 0; path = TrackerBlocking.framework; sourceTree = BUILT_PRODUCTS_DIR; };
		8587A6852278901300F622AF /* TrackerBlocking.h */ = {isa = PBXFileReference; lastKnownFileType = sourcecode.c.h; path = TrackerBlocking.h; sourceTree = "<group>"; };
		8587A6862278901300F622AF /* Info.plist */ = {isa = PBXFileReference; lastKnownFileType = text.plist.xml; path = Info.plist; sourceTree = "<group>"; };
		8587A68B2278901300F622AF /* UnitTests.xctest */ = {isa = PBXFileReference; explicitFileType = wrapper.cfbundle; includeInIndex = 0; path = UnitTests.xctest; sourceTree = BUILT_PRODUCTS_DIR; };
		8587A6922278901400F622AF /* TrackerDetectionTests.swift */ = {isa = PBXFileReference; lastKnownFileType = sourcecode.swift; path = TrackerDetectionTests.swift; sourceTree = "<group>"; };
		8587A6942278901400F622AF /* Info.plist */ = {isa = PBXFileReference; lastKnownFileType = text.plist.xml; path = Info.plist; sourceTree = "<group>"; };
		8587FD5422C67CD70072F47F /* Localizable.stringsdict */ = {isa = PBXFileReference; fileEncoding = 4; lastKnownFileType = text.plist.stringsdict; path = Localizable.stringsdict; sourceTree = "<group>"; };
		8587FD5622C67D2D0072F47F /* UserText.swift */ = {isa = PBXFileReference; lastKnownFileType = sourcecode.swift; path = UserText.swift; sourceTree = "<group>"; };
		8590F40A22CE563300B7473A /* StringExtension.swift */ = {isa = PBXFileReference; lastKnownFileType = sourcecode.swift; path = StringExtension.swift; sourceTree = "<group>"; };
		859914D02278946A0023C1F2 /* TrackerBlockingDependencies.swift */ = {isa = PBXFileReference; lastKnownFileType = sourcecode.swift; path = TrackerBlockingDependencies.swift; sourceTree = "<group>"; };
		859914D2227895F40023C1F2 /* DetectedTracker.swift */ = {isa = PBXFileReference; lastKnownFileType = sourcecode.swift; path = DetectedTracker.swift; sourceTree = "<group>"; };
		859914D82278A3DA0023C1F2 /* mocks.swift */ = {isa = PBXFileReference; lastKnownFileType = sourcecode.swift; path = mocks.swift; sourceTree = "<group>"; };
		859914DC2278B8430023C1F2 /* KnownTracker.swift */ = {isa = PBXFileReference; lastKnownFileType = sourcecode.swift; path = KnownTracker.swift; sourceTree = "<group>"; };
		859914DE227B08EC0023C1F2 /* PrivacyPracticesManager.swift */ = {isa = PBXFileReference; lastKnownFileType = sourcecode.swift; path = PrivacyPracticesManager.swift; sourceTree = "<group>"; };
		859914E0227B0C1C0023C1F2 /* PrivacyPractice.swift */ = {isa = PBXFileReference; lastKnownFileType = sourcecode.swift; path = PrivacyPractice.swift; sourceTree = "<group>"; };
		859914E4227B4FA00023C1F2 /* Entity.swift */ = {isa = PBXFileReference; lastKnownFileType = sourcecode.swift; path = Entity.swift; sourceTree = "<group>"; };
		859914F9227CCC4D0023C1F2 /* TrackersBuilder */ = {isa = PBXFileReference; explicitFileType = "compiled.mach-o.executable"; includeInIndex = 0; path = TrackersBuilder; sourceTree = BUILT_PRODUCTS_DIR; };
		859914FB227CCC4D0023C1F2 /* main.swift */ = {isa = PBXFileReference; lastKnownFileType = sourcecode.swift; path = main.swift; sourceTree = "<group>"; };
		85991508227CF76A0023C1F2 /* EntityExtension.swift */ = {isa = PBXFileReference; lastKnownFileType = sourcecode.swift; path = EntityExtension.swift; sourceTree = "<group>"; };
		8599150A227CF7E30023C1F2 /* TrackerData.swift */ = {isa = PBXFileReference; lastKnownFileType = sourcecode.swift; path = TrackerData.swift; sourceTree = "<group>"; };
		8599150F228036AD0023C1F2 /* TrackerDataManager.swift */ = {isa = PBXFileReference; lastKnownFileType = sourcecode.swift; path = TrackerDataManager.swift; sourceTree = "<group>"; };
		8599154E2289D0E30023C1F2 /* trackerData.json */ = {isa = PBXFileReference; fileEncoding = 4; lastKnownFileType = text.json; path = trackerData.json; sourceTree = "<group>"; };
		859F13CC227926D800EDE40A /* PageData.swift */ = {isa = PBXFileReference; lastKnownFileType = sourcecode.swift; path = PageData.swift; sourceTree = "<group>"; };
		859F13CF227A3A2100EDE40A /* Grade.swift */ = {isa = PBXFileReference; lastKnownFileType = sourcecode.swift; path = Grade.swift; sourceTree = "<group>"; };
		859F13D1227A3B2C00EDE40A /* GradeTests.swift */ = {isa = PBXFileReference; fileEncoding = 4; lastKnownFileType = sourcecode.swift; path = GradeTests.swift; sourceTree = "<group>"; };
		859F13D3227A3B8700EDE40A /* grade-cases.json */ = {isa = PBXFileReference; fileEncoding = 4; lastKnownFileType = text.json; path = "grade-cases.json"; sourceTree = "<group>"; };
		859F13D5227A468600EDE40A /* PageDataTests.swift */ = {isa = PBXFileReference; lastKnownFileType = sourcecode.swift; path = PageDataTests.swift; sourceTree = "<group>"; };
		85A527BF227F2E8000233FDF /* BlockerListManager.swift */ = {isa = PBXFileReference; lastKnownFileType = sourcecode.swift; path = BlockerListManager.swift; sourceTree = "<group>"; };
		85A527C3227F4FA500233FDF /* KnownTrackerExtension.swift */ = {isa = PBXFileReference; lastKnownFileType = sourcecode.swift; path = KnownTrackerExtension.swift; sourceTree = "<group>"; };
		85A527C8227F634600233FDF /* ContentBlockerRule.swift */ = {isa = PBXFileReference; lastKnownFileType = sourcecode.swift; path = ContentBlockerRule.swift; sourceTree = "<group>"; };
		85C7AC5B22CCDB3500619302 /* TrackersDetailViewController.swift */ = {isa = PBXFileReference; lastKnownFileType = sourcecode.swift; path = TrackersDetailViewController.swift; sourceTree = "<group>"; };
		85CF7BB822C3964D002634C7 /* PrivacyProtection.xcassets */ = {isa = PBXFileReference; lastKnownFileType = folder.assetcatalog; path = PrivacyProtection.xcassets; sourceTree = "<group>"; };
		85CFD4C022CB98D600C8B1AA /* NavigationController.swift */ = {isa = PBXFileReference; lastKnownFileType = sourcecode.swift; path = NavigationController.swift; sourceTree = "<group>"; };
		85D5017A22C4322B005DDF47 /* Clickables.swift */ = {isa = PBXFileReference; lastKnownFileType = sourcecode.swift; path = Clickables.swift; sourceTree = "<group>"; };
		85E9520822AFC7590071281E /* Statistics.framework */ = {isa = PBXFileReference; explicitFileType = wrapper.framework; includeInIndex = 0; path = Statistics.framework; sourceTree = BUILT_PRODUCTS_DIR; };
		85E9520A22AFC7590071281E /* Statistics.h */ = {isa = PBXFileReference; lastKnownFileType = sourcecode.c.h; path = Statistics.h; sourceTree = "<group>"; };
		85E9520B22AFC7590071281E /* Info.plist */ = {isa = PBXFileReference; lastKnownFileType = text.plist.xml; path = Info.plist; sourceTree = "<group>"; };
		85E9521422AFC7C20071281E /* StatisticsLoader.swift */ = {isa = PBXFileReference; lastKnownFileType = sourcecode.swift; path = StatisticsLoader.swift; sourceTree = "<group>"; };
		85E9521622AFC7FB0071281E /* StatisticsDependencies.swift */ = {isa = PBXFileReference; lastKnownFileType = sourcecode.swift; path = StatisticsDependencies.swift; sourceTree = "<group>"; };
		85E9521822AFC8F10071281E /* StatisticsStore.swift */ = {isa = PBXFileReference; lastKnownFileType = sourcecode.swift; path = StatisticsStore.swift; sourceTree = "<group>"; };
		85E9521A22AFCA6B0071281E /* APIRequest.swift */ = {isa = PBXFileReference; lastKnownFileType = sourcecode.swift; path = APIRequest.swift; sourceTree = "<group>"; };
		85E9521C22AFCE7A0071281E /* Atb.swift */ = {isa = PBXFileReference; lastKnownFileType = sourcecode.swift; path = Atb.swift; sourceTree = "<group>"; };
		85E9521E22AFDB220071281E /* URLExtension.swift */ = {isa = PBXFileReference; lastKnownFileType = sourcecode.swift; path = URLExtension.swift; sourceTree = "<group>"; };
		85E9522222B0FB8F0071281E /* AppVersion.swift */ = {isa = PBXFileReference; lastKnownFileType = sourcecode.swift; path = AppVersion.swift; sourceTree = "<group>"; };
		85E9522422B0FCE10071281E /* APIHeaders.swift */ = {isa = PBXFileReference; lastKnownFileType = sourcecode.swift; path = APIHeaders.swift; sourceTree = "<group>"; };
		85E9522B22B0FDE80071281E /* Core.framework */ = {isa = PBXFileReference; explicitFileType = wrapper.framework; includeInIndex = 0; path = Core.framework; sourceTree = BUILT_PRODUCTS_DIR; };
		85E9522D22B0FDE80071281E /* Core.h */ = {isa = PBXFileReference; lastKnownFileType = sourcecode.c.h; path = Core.h; sourceTree = "<group>"; };
		85E9522E22B0FDE80071281E /* Info.plist */ = {isa = PBXFileReference; lastKnownFileType = text.plist.xml; path = Info.plist; sourceTree = "<group>"; };
		85E9524522B13E790071281E /* StatisticsLoaderTests.swift */ = {isa = PBXFileReference; lastKnownFileType = sourcecode.swift; path = StatisticsLoaderTests.swift; sourceTree = "<group>"; };
		85E9524722B284710071281E /* StatisticsStoreTests.swift */ = {isa = PBXFileReference; lastKnownFileType = sourcecode.swift; path = StatisticsStoreTests.swift; sourceTree = "<group>"; };
/* End PBXFileReference section */

/* Begin PBXFrameworksBuildPhase section */
		85417D5D226605E60062A081 /* Frameworks */ = {
			isa = PBXFrameworksBuildPhase;
			buildActionMask = 2147483647;
			files = (
				8587A6982278901400F622AF /* TrackerBlocking.framework in Frameworks */,
				85E9523222B0FDE80071281E /* Core.framework in Frameworks */,
				85E9520F22AFC7590071281E /* Statistics.framework in Frameworks */,
			);
			runOnlyForDeploymentPostprocessing = 0;
		};
		85417D88226762870062A081 /* Frameworks */ = {
			isa = PBXFrameworksBuildPhase;
			buildActionMask = 2147483647;
			files = (
				8587A6A32278905600F622AF /* TrackerBlocking.framework in Frameworks */,
				8540D8F322BCDD56009A2FF4 /* Statistics.framework in Frameworks */,
				85417D8E226762870062A081 /* Cocoa.framework in Frameworks */,
			);
			runOnlyForDeploymentPostprocessing = 0;
		};
		85417DA5226762E40062A081 /* Frameworks */ = {
			isa = PBXFrameworksBuildPhase;
			buildActionMask = 2147483647;
			files = (
				8587A6A42278905900F622AF /* TrackerBlocking.framework in Frameworks */,
				8540D8F822BCDD60009A2FF4 /* Statistics.framework in Frameworks */,
				85417DA9226762E40062A081 /* Cocoa.framework in Frameworks */,
			);
			runOnlyForDeploymentPostprocessing = 0;
		};
		8587A6802278901300F622AF /* Frameworks */ = {
			isa = PBXFrameworksBuildPhase;
			buildActionMask = 2147483647;
			files = (
			);
			runOnlyForDeploymentPostprocessing = 0;
		};
		8587A6882278901300F622AF /* Frameworks */ = {
			isa = PBXFrameworksBuildPhase;
			buildActionMask = 2147483647;
			files = (
			);
			runOnlyForDeploymentPostprocessing = 0;
		};
		859914F6227CCC4D0023C1F2 /* Frameworks */ = {
			isa = PBXFrameworksBuildPhase;
			buildActionMask = 2147483647;
			files = (
			);
			runOnlyForDeploymentPostprocessing = 0;
		};
		85E9520522AFC7590071281E /* Frameworks */ = {
			isa = PBXFrameworksBuildPhase;
			buildActionMask = 2147483647;
			files = (
				85E9523E22B0FF100071281E /* Core.framework in Frameworks */,
			);
			runOnlyForDeploymentPostprocessing = 0;
		};
		85E9522822B0FDE80071281E /* Frameworks */ = {
			isa = PBXFrameworksBuildPhase;
			buildActionMask = 2147483647;
			files = (
			);
			runOnlyForDeploymentPostprocessing = 0;
		};
/* End PBXFrameworksBuildPhase section */

/* Begin PBXGroup section */
		8510B261226F5A110015D406 /* Shared */ = {
			isa = PBXGroup;
			children = (
				854A9F532271CB01008F2A93 /* AppIcon.xcassets */,
				8510B254226F34AA0015D406 /* NSViewControllerExtension.swift */,
				854A9F4F2271B078008F2A93 /* Shared.xcassets */,
				85E9521E22AFDB220071281E /* URLExtension.swift */,
				8590F40A22CE563300B7473A /* StringExtension.swift */,
			);
			path = Shared;
			sourceTree = "<group>";
		};
		85417D57226605E60062A081 = {
			isa = PBXGroup;
			children = (
				85417D62226605E60062A081 /* App */,
				85417DAA226762E40062A081 /* ContentBlockerExtension */,
				85E9522C22B0FDE80071281E /* CoreFramework */,
				854A9F32227067ED008F2A93 /* Fonts */,
				85417D8C226762870062A081 /* Frameworks */,
				85417D61226605E60062A081 /* Products */,
				85417D8F226762870062A081 /* SafariAppExtension */,
				8510B261226F5A110015D406 /* Shared */,
				85E9520922AFC7590071281E /* StatisticsFramework */,
				8587A6842278901300F622AF /* TrackerBlockingFramework */,
				859914FA227CCC4D0023C1F2 /* TrackersBuilder */,
				8587A6912278901400F622AF /* UnitTests */,
			);
			sourceTree = "<group>";
		};
		85417D61226605E60062A081 /* Products */ = {
			isa = PBXGroup;
			children = (
				85417D60226605E60062A081 /* DuckDuckGo Privacy Essentials.app */,
				85417D8B226762870062A081 /* SafariAppExtension.appex */,
				85417DA8226762E40062A081 /* ContentBlockerExtension.appex */,
				8587A6832278901300F622AF /* TrackerBlocking.framework */,
				8587A68B2278901300F622AF /* UnitTests.xctest */,
				859914F9227CCC4D0023C1F2 /* TrackersBuilder */,
				85E9520822AFC7590071281E /* Statistics.framework */,
				85E9522B22B0FDE80071281E /* Core.framework */,
			);
			name = Products;
			sourceTree = "<group>";
		};
		85417D62226605E60062A081 /* App */ = {
			isa = PBXGroup;
			children = (
				85417D63226605E60062A081 /* AppDelegate.swift */,
				85417D67226605E60062A081 /* Assets.xcassets */,
				854A9F44227080F7008F2A93 /* DomainPromptViewController.swift */,
				85417D6D226605E60062A081 /* DuckDuckGo.entitlements */,
				8540D8F122BBE264009A2FF4 /* HomeSectionViewController.swift */,
				85417D6C226605E60062A081 /* Info.plist */,
				85417D69226605E60062A081 /* Main.storyboard */,
				85417D65226605E60062A081 /* MainViewController.swift */,
				8540D8CF22BBA356009A2FF4 /* SectionButton.swift */,
			);
			path = App;
			sourceTree = "<group>";
		};
		85417D8C226762870062A081 /* Frameworks */ = {
			isa = PBXGroup;
			children = (
				85417D8D226762870062A081 /* Cocoa.framework */,
			);
			name = Frameworks;
			sourceTree = "<group>";
		};
		85417D8F226762870062A081 /* SafariAppExtension */ = {
			isa = PBXGroup;
			children = (
				8510B256226F3BFB0015D406 /* Assets.xcassets */,
				85D5017A22C4322B005DDF47 /* Clickables.swift */,
				8510B265226F5AF30015D406 /* Dashboard.storyboard */,
				8510B267226F5DFE0015D406 /* DashboardNavigationDelegate.swift */,
				85417D97226762870062A081 /* Info.plist */,
				85008B3322C9581B00A2CFB0 /* Localizable.strings */,
				8587FD5422C67CD70072F47F /* Localizable.stringsdict */,
				8510B25E226F4A6F0015D406 /* LogoToolbarItemIcon.pdf */,
				8510B263226F5A840015D406 /* MainDashboardViewController.swift */,
				85CFD4C022CB98D600C8B1AA /* NavigationController.swift */,
				85CF7BB822C3964D002634C7 /* PrivacyProtection.xcassets */,
				85417D9C226762870062A081 /* Safari.entitlements */,
				85417D90226762870062A081 /* SafariExtensionHandler.swift */,
				85417D92226762870062A081 /* SafariExtensionViewController.swift */,
				85417D94226762870062A081 /* SafariExtensionViewController.xib */,
				8510B269226F7A8D0015D406 /* ScoreCardViewController.swift */,
				85417D98226762870062A081 /* script.js */,
				85C7AC5B22CCDB3500619302 /* TrackersDetailViewController.swift */,
				8587FD5622C67D2D0072F47F /* UserText.swift */,
			);
			path = SafariAppExtension;
			sourceTree = "<group>";
		};
		85417DAA226762E40062A081 /* ContentBlockerExtension */ = {
			isa = PBXGroup;
			children = (
				85417DAD226762E40062A081 /* ContentBlockerRequestHandler.swift */,
				85417DAF226762E40062A081 /* Info.plist */,
				85417DB0226762E40062A081 /* ContentBlocker.entitlements */,
			);
			path = ContentBlockerExtension;
			sourceTree = "<group>";
		};
		854A9F32227067ED008F2A93 /* Fonts */ = {
			isa = PBXGroup;
			children = (
				854A9F3622706805008F2A93 /* proximanova-bold.otf */,
				854A9F3522706805008F2A93 /* proximanova-extrabold.otf */,
				854A9F3422706805008F2A93 /* proximanova-light.otf */,
				854A9F3322706805008F2A93 /* proximanova-regular.otf */,
				854A9F3722706805008F2A93 /* proximanova-semibold.otf */,
			);
			name = Fonts;
			sourceTree = "<group>";
		};
		8587A6842278901300F622AF /* TrackerBlockingFramework */ = {
			isa = PBXGroup;
			children = (
				85A527BF227F2E8000233FDF /* BlockerListManager.swift */,
				85A527C8227F634600233FDF /* ContentBlockerRule.swift */,
				859914D2227895F40023C1F2 /* DetectedTracker.swift */,
				859914E4227B4FA00023C1F2 /* Entity.swift */,
				859F13CF227A3A2100EDE40A /* Grade.swift */,
				8587A6862278901300F622AF /* Info.plist */,
				859914DC2278B8430023C1F2 /* KnownTracker.swift */,
				859F13CC227926D800EDE40A /* PageData.swift */,
				859914E0227B0C1C0023C1F2 /* PrivacyPractice.swift */,
				859914DE227B08EC0023C1F2 /* PrivacyPracticesManager.swift */,
				859914D02278946A0023C1F2 /* TrackerBlockingDependencies.swift */,
				8587A6852278901300F622AF /* TrackerBlocking.h */,
				8599154E2289D0E30023C1F2 /* trackerData.json */,
				8599150A227CF7E30023C1F2 /* TrackerData.swift */,
				8599150F228036AD0023C1F2 /* TrackerDataManager.swift */,
				8587A6742278591D00F622AF /* TrackerDetection.swift */,
				854A9F4622708783008F2A93 /* TrustedSitesManager.swift */,
			);
			path = TrackerBlockingFramework;
			sourceTree = "<group>";
		};
		8587A6912278901400F622AF /* UnitTests */ = {
			isa = PBXGroup;
			children = (
				8587A6942278901400F622AF /* Info.plist */,
				859914D82278A3DA0023C1F2 /* mocks.swift */,
				85E9524422B13E610071281E /* Statistics */,
				85E9524222B13BB40071281E /* TrackerBlocking */,
			);
			path = UnitTests;
			sourceTree = "<group>";
		};
		859914FA227CCC4D0023C1F2 /* TrackersBuilder */ = {
			isa = PBXGroup;
			children = (
				859914FB227CCC4D0023C1F2 /* main.swift */,
				85991508227CF76A0023C1F2 /* EntityExtension.swift */,
				85A527C3227F4FA500233FDF /* KnownTrackerExtension.swift */,
			);
			path = TrackersBuilder;
			sourceTree = "<group>";
		};
		85E9520922AFC7590071281E /* StatisticsFramework */ = {
			isa = PBXGroup;
			children = (
				85E9520B22AFC7590071281E /* Info.plist */,
				85E9520A22AFC7590071281E /* Statistics.h */,
				85E9521622AFC7FB0071281E /* StatisticsDependencies.swift */,
				85E9521422AFC7C20071281E /* StatisticsLoader.swift */,
				85E9521822AFC8F10071281E /* StatisticsStore.swift */,
				85E9521C22AFCE7A0071281E /* Atb.swift */,
			);
			path = StatisticsFramework;
			sourceTree = "<group>";
		};
		85E9522C22B0FDE80071281E /* CoreFramework */ = {
			isa = PBXGroup;
			children = (
				85E9522D22B0FDE80071281E /* Core.h */,
				85E9521A22AFCA6B0071281E /* APIRequest.swift */,
				85E9522222B0FB8F0071281E /* AppVersion.swift */,
				85E9522422B0FCE10071281E /* APIHeaders.swift */,
				85E9522E22B0FDE80071281E /* Info.plist */,
			);
			path = CoreFramework;
			sourceTree = "<group>";
		};
		85E9524222B13BB40071281E /* TrackerBlocking */ = {
			isa = PBXGroup;
			children = (
				859F13D3227A3B8700EDE40A /* grade-cases.json */,
				859F13D1227A3B2C00EDE40A /* GradeTests.swift */,
				859F13D5227A468600EDE40A /* PageDataTests.swift */,
				8541840E2283A54300DD2900 /* TrackerDataManagerTests.swift */,
				8587A6922278901400F622AF /* TrackerDetectionTests.swift */,
			);
			name = TrackerBlocking;
			sourceTree = "<group>";
		};
		85E9524422B13E610071281E /* Statistics */ = {
			isa = PBXGroup;
			children = (
				85E9524522B13E790071281E /* StatisticsLoaderTests.swift */,
				85E9524722B284710071281E /* StatisticsStoreTests.swift */,
			);
			name = Statistics;
			sourceTree = "<group>";
		};
/* End PBXGroup section */

/* Begin PBXHeadersBuildPhase section */
		8587A67E2278901300F622AF /* Headers */ = {
			isa = PBXHeadersBuildPhase;
			buildActionMask = 2147483647;
			files = (
				8587A6952278901400F622AF /* TrackerBlocking.h in Headers */,
			);
			runOnlyForDeploymentPostprocessing = 0;
		};
		85E9520322AFC7590071281E /* Headers */ = {
			isa = PBXHeadersBuildPhase;
			buildActionMask = 2147483647;
			files = (
				85E9520C22AFC7590071281E /* Statistics.h in Headers */,
			);
			runOnlyForDeploymentPostprocessing = 0;
		};
		85E9522622B0FDE80071281E /* Headers */ = {
			isa = PBXHeadersBuildPhase;
			buildActionMask = 2147483647;
			files = (
				85E9522F22B0FDE80071281E /* Core.h in Headers */,
			);
			runOnlyForDeploymentPostprocessing = 0;
		};
/* End PBXHeadersBuildPhase section */

/* Begin PBXNativeTarget section */
		85417D5F226605E60062A081 /* DuckDuckGo Privacy Essentials */ = {
			isa = PBXNativeTarget;
			buildConfigurationList = 85417D70226605E60062A081 /* Build configuration list for PBXNativeTarget "DuckDuckGo Privacy Essentials" */;
			buildPhases = (
				854A9F3022706478008F2A93 /* Install Fonts */,
				85417D73226613900062A081 /* Swiftlint */,
				85417D5C226605E60062A081 /* Sources */,
				85417D5D226605E60062A081 /* Frameworks */,
				85417D5E226605E60062A081 /* Resources */,
				85417DA3226762870062A081 /* Embed App Extensions */,
				8587A69D2278901400F622AF /* Embed Frameworks */,
			);
			buildRules = (
			);
			dependencies = (
				85417D9E226762870062A081 /* PBXTargetDependency */,
				85417DB2226762E40062A081 /* PBXTargetDependency */,
				8587A6972278901400F622AF /* PBXTargetDependency */,
				85E9520E22AFC7590071281E /* PBXTargetDependency */,
				85E9523122B0FDE80071281E /* PBXTargetDependency */,
			);
			name = "DuckDuckGo Privacy Essentials";
			productName = DuckDuckGo;
			productReference = 85417D60226605E60062A081 /* DuckDuckGo Privacy Essentials.app */;
			productType = "com.apple.product-type.application";
		};
		85417D8A226762870062A081 /* SafariAppExtension */ = {
			isa = PBXNativeTarget;
			buildConfigurationList = 85417DA0226762870062A081 /* Build configuration list for PBXNativeTarget "SafariAppExtension" */;
			buildPhases = (
				85417D87226762870062A081 /* Sources */,
				85417D88226762870062A081 /* Frameworks */,
				85417D89226762870062A081 /* Resources */,
			);
			buildRules = (
			);
			dependencies = (
			);
			name = SafariAppExtension;
			productName = Safari;
			productReference = 85417D8B226762870062A081 /* SafariAppExtension.appex */;
			productType = "com.apple.product-type.app-extension";
		};
		85417DA7226762E40062A081 /* ContentBlockerExtension */ = {
			isa = PBXNativeTarget;
			buildConfigurationList = 85417DB4226762E40062A081 /* Build configuration list for PBXNativeTarget "ContentBlockerExtension" */;
			buildPhases = (
				85417DA4226762E40062A081 /* Sources */,
				85417DA5226762E40062A081 /* Frameworks */,
				85417DA6226762E40062A081 /* Resources */,
			);
			buildRules = (
			);
			dependencies = (
			);
			name = ContentBlockerExtension;
			productName = ContentBlocker;
			productReference = 85417DA8226762E40062A081 /* ContentBlockerExtension.appex */;
			productType = "com.apple.product-type.app-extension";
		};
		8587A6822278901300F622AF /* TrackerBlocking */ = {
			isa = PBXNativeTarget;
			buildConfigurationList = 8587A69A2278901400F622AF /* Build configuration list for PBXNativeTarget "TrackerBlocking" */;
			buildPhases = (
				8587A67E2278901300F622AF /* Headers */,
				8587A67F2278901300F622AF /* Sources */,
				8587A6802278901300F622AF /* Frameworks */,
				8587A6812278901300F622AF /* Resources */,
			);
			buildRules = (
			);
			dependencies = (
			);
			name = TrackerBlocking;
			productName = TrackerBlocking;
			productReference = 8587A6832278901300F622AF /* TrackerBlocking.framework */;
			productType = "com.apple.product-type.framework";
		};
		8587A68A2278901300F622AF /* UnitTests */ = {
			isa = PBXNativeTarget;
			buildConfigurationList = 8587A69E2278901400F622AF /* Build configuration list for PBXNativeTarget "UnitTests" */;
			buildPhases = (
				8587A6872278901300F622AF /* Sources */,
				8587A6882278901300F622AF /* Frameworks */,
				8587A6892278901300F622AF /* Resources */,
			);
			buildRules = (
			);
			dependencies = (
				85488E3622CEA399005C8BCE /* PBXTargetDependency */,
				8587A6902278901400F622AF /* PBXTargetDependency */,
				85488E3422CEA2C3005C8BCE /* PBXTargetDependency */,
			);
			name = UnitTests;
			productName = TrackerBlockingTests;
			productReference = 8587A68B2278901300F622AF /* UnitTests.xctest */;
			productType = "com.apple.product-type.bundle.unit-test";
		};
		859914F8227CCC4D0023C1F2 /* TrackersBuilder */ = {
			isa = PBXNativeTarget;
			buildConfigurationList = 859914FF227CCC4D0023C1F2 /* Build configuration list for PBXNativeTarget "TrackersBuilder" */;
			buildPhases = (
				859914F5227CCC4D0023C1F2 /* Sources */,
				859914F6227CCC4D0023C1F2 /* Frameworks */,
				859914F7227CCC4D0023C1F2 /* CopyFiles */,
			);
			buildRules = (
			);
			dependencies = (
			);
			name = TrackersBuilder;
			productName = TrackersBuilder;
			productReference = 859914F9227CCC4D0023C1F2 /* TrackersBuilder */;
			productType = "com.apple.product-type.tool";
		};
		85E9520722AFC7590071281E /* Statistics */ = {
			isa = PBXNativeTarget;
			buildConfigurationList = 85E9521322AFC7590071281E /* Build configuration list for PBXNativeTarget "Statistics" */;
			buildPhases = (
				85E9520322AFC7590071281E /* Headers */,
				85E9520422AFC7590071281E /* Sources */,
				85E9520522AFC7590071281E /* Frameworks */,
				85E9520622AFC7590071281E /* Resources */,
			);
			buildRules = (
			);
			dependencies = (
				85E9524022B108210071281E /* PBXTargetDependency */,
			);
			name = Statistics;
			productName = Statistics;
			productReference = 85E9520822AFC7590071281E /* Statistics.framework */;
			productType = "com.apple.product-type.framework";
		};
		85E9522A22B0FDE80071281E /* Core */ = {
			isa = PBXNativeTarget;
			buildConfigurationList = 85E9523422B0FDE80071281E /* Build configuration list for PBXNativeTarget "Core" */;
			buildPhases = (
				85E9522622B0FDE80071281E /* Headers */,
				85E9522722B0FDE80071281E /* Sources */,
				85E9522822B0FDE80071281E /* Frameworks */,
				85E9522922B0FDE80071281E /* Resources */,
			);
			buildRules = (
			);
			dependencies = (
			);
			name = Core;
			productName = Core;
			productReference = 85E9522B22B0FDE80071281E /* Core.framework */;
			productType = "com.apple.product-type.framework";
		};
/* End PBXNativeTarget section */

/* Begin PBXProject section */
		85417D58226605E60062A081 /* Project object */ = {
			isa = PBXProject;
			attributes = {
				LastSwiftUpdateCheck = 1020;
				LastUpgradeCheck = 1100;
				ORGANIZATIONNAME = "Duck Duck Go, Inc.";
				TargetAttributes = {
					85417D5F226605E60062A081 = {
						CreatedOnToolsVersion = 10.2;
						SystemCapabilities = {
							com.apple.ApplicationGroups.Mac = {
								enabled = 1;
							};
							com.apple.HardenedRuntime = {
								enabled = 1;
							};
							com.apple.Sandbox = {
								enabled = 1;
							};
						};
					};
					85417D8A226762870062A081 = {
						CreatedOnToolsVersion = 10.2;
						SystemCapabilities = {
							com.apple.ApplicationGroups.Mac = {
								enabled = 1;
							};
							com.apple.HardenedRuntime = {
								enabled = 1;
							};
							com.apple.Sandbox = {
								enabled = 1;
							};
						};
					};
					85417DA7226762E40062A081 = {
						CreatedOnToolsVersion = 10.2;
						SystemCapabilities = {
							com.apple.ApplicationGroups.Mac = {
								enabled = 1;
							};
							com.apple.HardenedRuntime = {
								enabled = 1;
							};
							com.apple.Sandbox = {
								enabled = 1;
							};
						};
					};
					8587A6822278901300F622AF = {
						CreatedOnToolsVersion = 10.2.1;
					};
					8587A68A2278901300F622AF = {
						CreatedOnToolsVersion = 10.2.1;
						TestTargetID = 85417D5F226605E60062A081;
					};
					859914F8227CCC4D0023C1F2 = {
						CreatedOnToolsVersion = 10.2.1;
					};
					85E9520722AFC7590071281E = {
						CreatedOnToolsVersion = 10.2.1;
						LastSwiftMigration = 1020;
					};
					85E9522A22B0FDE80071281E = {
						CreatedOnToolsVersion = 10.2.1;
					};
				};
			};
			buildConfigurationList = 85417D5B226605E60062A081 /* Build configuration list for PBXProject "DuckDuckGo" */;
			compatibilityVersion = "Xcode 9.3";
			developmentRegion = en;
			hasScannedForEncodings = 0;
			knownRegions = (
				en,
				Base,
			);
			mainGroup = 85417D57226605E60062A081;
			productRefGroup = 85417D61226605E60062A081 /* Products */;
			projectDirPath = "";
			projectRoot = "";
			targets = (
				85417D5F226605E60062A081 /* DuckDuckGo Privacy Essentials */,
				85417D8A226762870062A081 /* SafariAppExtension */,
				85417DA7226762E40062A081 /* ContentBlockerExtension */,
				85E9522A22B0FDE80071281E /* Core */,
				85E9520722AFC7590071281E /* Statistics */,
				8587A6822278901300F622AF /* TrackerBlocking */,
				8587A68A2278901300F622AF /* UnitTests */,
				859914F8227CCC4D0023C1F2 /* TrackersBuilder */,
			);
		};
/* End PBXProject section */

/* Begin PBXResourcesBuildPhase section */
		85417D5E226605E60062A081 /* Resources */ = {
			isa = PBXResourcesBuildPhase;
			buildActionMask = 2147483647;
			files = (
				854A9F3C22706805008F2A93 /* proximanova-semibold.otf in Resources */,
				85417D68226605E60062A081 /* Assets.xcassets in Resources */,
				854A9F542271CB01008F2A93 /* AppIcon.xcassets in Resources */,
				854A9F502271B078008F2A93 /* Shared.xcassets in Resources */,
				854A9F3B22706805008F2A93 /* proximanova-bold.otf in Resources */,
				854A9F3922706805008F2A93 /* proximanova-light.otf in Resources */,
				854A9F3A22706805008F2A93 /* proximanova-extrabold.otf in Resources */,
				854A9F3822706805008F2A93 /* proximanova-regular.otf in Resources */,
				85417D6B226605E60062A081 /* Main.storyboard in Resources */,
			);
			runOnlyForDeploymentPostprocessing = 0;
		};
		85417D89226762870062A081 /* Resources */ = {
			isa = PBXResourcesBuildPhase;
			buildActionMask = 2147483647;
			files = (
				85CF7BB922C3964D002634C7 /* PrivacyProtection.xcassets in Resources */,
				8510B25F226F4A6F0015D406 /* LogoToolbarItemIcon.pdf in Resources */,
				8510B266226F5AF30015D406 /* Dashboard.storyboard in Resources */,
				854A9F552271CB0A008F2A93 /* AppIcon.xcassets in Resources */,
				854A9F3D22706817008F2A93 /* proximanova-bold.otf in Resources */,
				854A9F4022706817008F2A93 /* proximanova-regular.otf in Resources */,
				854A9F3E22706817008F2A93 /* proximanova-extrabold.otf in Resources */,
				854A9F3F22706817008F2A93 /* proximanova-light.otf in Resources */,
				85417D96226762870062A081 /* SafariExtensionViewController.xib in Resources */,
				854A9F512271B0BA008F2A93 /* Shared.xcassets in Resources */,
				85008B3422C9581B00A2CFB0 /* Localizable.strings in Resources */,
				8510B257226F3BFB0015D406 /* Assets.xcassets in Resources */,
				85417D99226762870062A081 /* script.js in Resources */,
				854A9F4122706817008F2A93 /* proximanova-semibold.otf in Resources */,
				8587FD5522C67CD70072F47F /* Localizable.stringsdict in Resources */,
			);
			runOnlyForDeploymentPostprocessing = 0;
		};
		85417DA6226762E40062A081 /* Resources */ = {
			isa = PBXResourcesBuildPhase;
			buildActionMask = 2147483647;
			files = (
				854A9F562271CB0B008F2A93 /* AppIcon.xcassets in Resources */,
			);
			runOnlyForDeploymentPostprocessing = 0;
		};
		8587A6812278901300F622AF /* Resources */ = {
			isa = PBXResourcesBuildPhase;
			buildActionMask = 2147483647;
			files = (
				8599154F2289D0E30023C1F2 /* trackerData.json in Resources */,
			);
			runOnlyForDeploymentPostprocessing = 0;
		};
		8587A6892278901300F622AF /* Resources */ = {
			isa = PBXResourcesBuildPhase;
			buildActionMask = 2147483647;
			files = (
				859F13D4227A3B8700EDE40A /* grade-cases.json in Resources */,
			);
			runOnlyForDeploymentPostprocessing = 0;
		};
		85E9520622AFC7590071281E /* Resources */ = {
			isa = PBXResourcesBuildPhase;
			buildActionMask = 2147483647;
			files = (
			);
			runOnlyForDeploymentPostprocessing = 0;
		};
		85E9522922B0FDE80071281E /* Resources */ = {
			isa = PBXResourcesBuildPhase;
			buildActionMask = 2147483647;
			files = (
			);
			runOnlyForDeploymentPostprocessing = 0;
		};
/* End PBXResourcesBuildPhase section */

/* Begin PBXShellScriptBuildPhase section */
		85417D73226613900062A081 /* Swiftlint */ = {
			isa = PBXShellScriptBuildPhase;
			buildActionMask = 2147483647;
			files = (
			);
			inputFileListPaths = (
			);
			inputPaths = (
			);
			name = Swiftlint;
			outputFileListPaths = (
			);
			outputPaths = (
			);
			runOnlyForDeploymentPostprocessing = 0;
			shellPath = /bin/sh;
			shellScript = "if which swiftlint >/dev/null; then\nswiftlint lint\nelse\necho \"error: SwiftLint not installed. Install using \\`brew install swiftlint\\`\"\nexit 1\nfi\n";
		};
		854A9F3022706478008F2A93 /* Install Fonts */ = {
			isa = PBXShellScriptBuildPhase;
			buildActionMask = 2147483647;
			files = (
			);
			inputFileListPaths = (
			);
			inputPaths = (
			);
			name = "Install Fonts";
			outputFileListPaths = (
			);
			outputPaths = (
			);
			runOnlyForDeploymentPostprocessing = 0;
			shellPath = /bin/sh;
			shellScript = "\n[ -z \"$TRAVIS\" ]\n\nif env | grep -q ^TRAVIS=\nthen\necho Skipping fonts on TRAVIS build\nelif [ -d ~/DuckDuckGo/Fonts/proximanova ]\nthen\n\necho Installing fonts from standard location\ncp ~/DuckDuckGo/Fonts/proximanova/*.otf \"$SRCROOT/fonts/licensed\"\n\nelif [ ! -d ~/DuckDuckGo/Fonts/proximanova ]\nthen\n\necho \"warning: Correct fonts not found, install proximanova fonts at ~/DuckDuckGo/Fonts/proximanova\"\n\nfi\n";
		};
/* End PBXShellScriptBuildPhase section */

/* Begin PBXSourcesBuildPhase section */
		85417D5C226605E60062A081 /* Sources */ = {
			isa = PBXSourcesBuildPhase;
			buildActionMask = 2147483647;
			files = (
				854A9F45227080F7008F2A93 /* DomainPromptViewController.swift in Sources */,
				85E9522122AFDB5C0071281E /* URLExtension.swift in Sources */,
				85417D66226605E60062A081 /* MainViewController.swift in Sources */,
				85417D64226605E60062A081 /* AppDelegate.swift in Sources */,
				8590F40B22CE563300B7473A /* StringExtension.swift in Sources */,
				8510B255226F34AA0015D406 /* NSViewControllerExtension.swift in Sources */,
				8540D8F222BBE264009A2FF4 /* HomeSectionViewController.swift in Sources */,
				8540D8D022BBA356009A2FF4 /* SectionButton.swift in Sources */,
			);
			runOnlyForDeploymentPostprocessing = 0;
		};
		85417D87226762870062A081 /* Sources */ = {
			isa = PBXSourcesBuildPhase;
			buildActionMask = 2147483647;
			files = (
				8510B264226F5A840015D406 /* MainDashboardViewController.swift in Sources */,
				85E9522022AFDB5B0071281E /* URLExtension.swift in Sources */,
				8510B26A226F7A8D0015D406 /* ScoreCardViewController.swift in Sources */,
				85C7AC5C22CCDB3500619302 /* TrackersDetailViewController.swift in Sources */,
				85417D93226762870062A081 /* SafariExtensionViewController.swift in Sources */,
				85CFD4C122CB98D600C8B1AA /* NavigationController.swift in Sources */,
				8510B262226F5A3B0015D406 /* NSViewControllerExtension.swift in Sources */,
				8510B268226F5DFE0015D406 /* DashboardNavigationDelegate.swift in Sources */,
				8590F40C22CE563800B7473A /* StringExtension.swift in Sources */,
				85D5017B22C4322B005DDF47 /* Clickables.swift in Sources */,
				85417D91226762870062A081 /* SafariExtensionHandler.swift in Sources */,
				8587FD5722C67D2D0072F47F /* UserText.swift in Sources */,
			);
			runOnlyForDeploymentPostprocessing = 0;
		};
		85417DA4226762E40062A081 /* Sources */ = {
			isa = PBXSourcesBuildPhase;
			buildActionMask = 2147483647;
			files = (
				8590F40D22CE563900B7473A /* StringExtension.swift in Sources */,
				85417DAE226762E40062A081 /* ContentBlockerRequestHandler.swift in Sources */,
				8590F41222CE564600B7473A /* URLExtension.swift in Sources */,
			);
			runOnlyForDeploymentPostprocessing = 0;
		};
		8587A67F2278901300F622AF /* Sources */ = {
			isa = PBXSourcesBuildPhase;
			buildActionMask = 2147483647;
			files = (
				85A527C9227F634600233FDF /* ContentBlockerRule.swift in Sources */,
				859F13DB227A4BE100EDE40A /* PageData.swift in Sources */,
				859914E1227B0C1C0023C1F2 /* PrivacyPractice.swift in Sources */,
				85A527CA227F667B00233FDF /* TrustedSitesManager.swift in Sources */,
				8560B55A22CE613C0071CC72 /* StringExtension.swift in Sources */,
				85991510228036AD0023C1F2 /* TrackerDataManager.swift in Sources */,
				859914D3227895F40023C1F2 /* DetectedTracker.swift in Sources */,
				859914D12278946A0023C1F2 /* TrackerBlockingDependencies.swift in Sources */,
				85A527C0227F2E8000233FDF /* BlockerListManager.swift in Sources */,
				8587A6A22278903700F622AF /* TrackerDetection.swift in Sources */,
				8599150E227D00B70023C1F2 /* TrackerData.swift in Sources */,
				859F13D0227A3A2100EDE40A /* Grade.swift in Sources */,
				859914E5227B4FA00023C1F2 /* Entity.swift in Sources */,
				8590F41522CE564700B7473A /* URLExtension.swift in Sources */,
				859914DD2278B8430023C1F2 /* KnownTracker.swift in Sources */,
				859914DF227B08EC0023C1F2 /* PrivacyPracticesManager.swift in Sources */,
			);
			runOnlyForDeploymentPostprocessing = 0;
		};
		8587A6872278901300F622AF /* Sources */ = {
			isa = PBXSourcesBuildPhase;
			buildActionMask = 2147483647;
			files = (
				859F13D6227A468600EDE40A /* PageDataTests.swift in Sources */,
				859F13D2227A3B2C00EDE40A /* GradeTests.swift in Sources */,
				8587A6932278901400F622AF /* TrackerDetectionTests.swift in Sources */,
				859914D92278A3DA0023C1F2 /* mocks.swift in Sources */,
				8590F41122CE563C00B7473A /* StringExtension.swift in Sources */,
				8590F41622CE564F00B7473A /* URLExtension.swift in Sources */,
				8541840F2283A54300DD2900 /* TrackerDataManagerTests.swift in Sources */,
				85E9524822B284710071281E /* StatisticsStoreTests.swift in Sources */,
				85E9524622B13E790071281E /* StatisticsLoaderTests.swift in Sources */,
			);
			runOnlyForDeploymentPostprocessing = 0;
		};
		859914F5227CCC4D0023C1F2 /* Sources */ = {
			isa = PBXSourcesBuildPhase;
			buildActionMask = 2147483647;
			files = (
				85A527D5227F85AE00233FDF /* TrackerData.swift in Sources */,
				85A527D8227F85B800233FDF /* PageData.swift in Sources */,
				85A527DD227F85C900233FDF /* Entity.swift in Sources */,
				85A527D7227F85B500233FDF /* PrivacyPractice.swift in Sources */,
				85A527DF227F85CF00233FDF /* TrackerBlockingDependencies.swift in Sources */,
				85A527DA227F85BF00233FDF /* KnownTracker.swift in Sources */,
				85A527E1227F85D500233FDF /* BlockerListManager.swift in Sources */,
				85A527D0227F793800233FDF /* EntityExtension.swift in Sources */,
				85A527DB227F85C300233FDF /* Grade.swift in Sources */,
				85A527D6227F85B300233FDF /* PrivacyPracticesManager.swift in Sources */,
				85A527D1227F793B00233FDF /* KnownTrackerExtension.swift in Sources */,
				85991511228037F40023C1F2 /* TrackerDataManager.swift in Sources */,
				85A527DE227F85CC00233FDF /* DetectedTracker.swift in Sources */,
				85A527D3227F85A600233FDF /* TrustedSitesManager.swift in Sources */,
				8560B55B22CE61C70071CC72 /* StringExtension.swift in Sources */,
				859914FC227CCC4D0023C1F2 /* main.swift in Sources */,
				85A527E0227F85D200233FDF /* ContentBlockerRule.swift in Sources */,
				85A527D4227F85A900233FDF /* TrackerDetection.swift in Sources */,
			);
			runOnlyForDeploymentPostprocessing = 0;
		};
		85E9520422AFC7590071281E /* Sources */ = {
			isa = PBXSourcesBuildPhase;
			buildActionMask = 2147483647;
			files = (
				85E9521522AFC7C20071281E /* StatisticsLoader.swift in Sources */,
				85E9521722AFC7FB0071281E /* StatisticsDependencies.swift in Sources */,
				8590F40F22CE563A00B7473A /* StringExtension.swift in Sources */,
				85E9521D22AFCE7A0071281E /* Atb.swift in Sources */,
				85E9521922AFC8F10071281E /* StatisticsStore.swift in Sources */,
				8590F41422CE564600B7473A /* URLExtension.swift in Sources */,
			);
			runOnlyForDeploymentPostprocessing = 0;
		};
		85E9522722B0FDE80071281E /* Sources */ = {
			isa = PBXSourcesBuildPhase;
			buildActionMask = 2147483647;
			files = (
				8590F41322CE564600B7473A /* URLExtension.swift in Sources */,
				8590F40E22CE563A00B7473A /* StringExtension.swift in Sources */,
				85E9523922B0FDFB0071281E /* AppVersion.swift in Sources */,
				85E9523722B0FDFB0071281E /* APIRequest.swift in Sources */,
				85E9523822B0FDFB0071281E /* APIHeaders.swift in Sources */,
			);
			runOnlyForDeploymentPostprocessing = 0;
		};
/* End PBXSourcesBuildPhase section */

/* Begin PBXTargetDependency section */
		85417D9E226762870062A081 /* PBXTargetDependency */ = {
			isa = PBXTargetDependency;
			target = 85417D8A226762870062A081 /* SafariAppExtension */;
			targetProxy = 85417D9D226762870062A081 /* PBXContainerItemProxy */;
		};
		85417DB2226762E40062A081 /* PBXTargetDependency */ = {
			isa = PBXTargetDependency;
			target = 85417DA7226762E40062A081 /* ContentBlockerExtension */;
			targetProxy = 85417DB1226762E40062A081 /* PBXContainerItemProxy */;
		};
		85488E3422CEA2C3005C8BCE /* PBXTargetDependency */ = {
			isa = PBXTargetDependency;
			target = 85417D8A226762870062A081 /* SafariAppExtension */;
			targetProxy = 85488E3322CEA2C3005C8BCE /* PBXContainerItemProxy */;
		};
		85488E3622CEA399005C8BCE /* PBXTargetDependency */ = {
			isa = PBXTargetDependency;
			target = 8587A6822278901300F622AF /* TrackerBlocking */;
			targetProxy = 85488E3522CEA399005C8BCE /* PBXContainerItemProxy */;
		};
		8587A6902278901400F622AF /* PBXTargetDependency */ = {
			isa = PBXTargetDependency;
			target = 85417D5F226605E60062A081 /* DuckDuckGo Privacy Essentials */;
			targetProxy = 8587A68F2278901400F622AF /* PBXContainerItemProxy */;
		};
		8587A6972278901400F622AF /* PBXTargetDependency */ = {
			isa = PBXTargetDependency;
			target = 8587A6822278901300F622AF /* TrackerBlocking */;
			targetProxy = 8587A6962278901400F622AF /* PBXContainerItemProxy */;
		};
		85E9520E22AFC7590071281E /* PBXTargetDependency */ = {
			isa = PBXTargetDependency;
			target = 85E9520722AFC7590071281E /* Statistics */;
			targetProxy = 85E9520D22AFC7590071281E /* PBXContainerItemProxy */;
		};
		85E9523122B0FDE80071281E /* PBXTargetDependency */ = {
			isa = PBXTargetDependency;
			target = 85E9522A22B0FDE80071281E /* Core */;
			targetProxy = 85E9523022B0FDE80071281E /* PBXContainerItemProxy */;
		};
		85E9524022B108210071281E /* PBXTargetDependency */ = {
			isa = PBXTargetDependency;
			target = 85E9522A22B0FDE80071281E /* Core */;
			targetProxy = 85E9523F22B108210071281E /* PBXContainerItemProxy */;
		};
/* End PBXTargetDependency section */

/* Begin PBXVariantGroup section */
		85417D69226605E60062A081 /* Main.storyboard */ = {
			isa = PBXVariantGroup;
			children = (
				85417D6A226605E60062A081 /* Base */,
			);
			name = Main.storyboard;
			sourceTree = "<group>";
		};
		85417D94226762870062A081 /* SafariExtensionViewController.xib */ = {
			isa = PBXVariantGroup;
			children = (
				85417D95226762870062A081 /* Base */,
			);
			name = SafariExtensionViewController.xib;
			sourceTree = "<group>";
		};
/* End PBXVariantGroup section */

/* Begin XCBuildConfiguration section */
		85417D6E226605E60062A081 /* Debug */ = {
			isa = XCBuildConfiguration;
			buildSettings = {
				ALWAYS_SEARCH_USER_PATHS = NO;
				CLANG_ANALYZER_NONNULL = YES;
				CLANG_ANALYZER_NUMBER_OBJECT_CONVERSION = YES_AGGRESSIVE;
				CLANG_CXX_LANGUAGE_STANDARD = "gnu++14";
				CLANG_CXX_LIBRARY = "libc++";
				CLANG_ENABLE_MODULES = YES;
				CLANG_ENABLE_OBJC_ARC = YES;
				CLANG_ENABLE_OBJC_WEAK = YES;
				CLANG_WARN_BLOCK_CAPTURE_AUTORELEASING = YES;
				CLANG_WARN_BOOL_CONVERSION = YES;
				CLANG_WARN_COMMA = YES;
				CLANG_WARN_CONSTANT_CONVERSION = YES;
				CLANG_WARN_DEPRECATED_OBJC_IMPLEMENTATIONS = YES;
				CLANG_WARN_DIRECT_OBJC_ISA_USAGE = YES_ERROR;
				CLANG_WARN_DOCUMENTATION_COMMENTS = YES;
				CLANG_WARN_EMPTY_BODY = YES;
				CLANG_WARN_ENUM_CONVERSION = YES;
				CLANG_WARN_INFINITE_RECURSION = YES;
				CLANG_WARN_INT_CONVERSION = YES;
				CLANG_WARN_NON_LITERAL_NULL_CONVERSION = YES;
				CLANG_WARN_OBJC_IMPLICIT_RETAIN_SELF = YES;
				CLANG_WARN_OBJC_LITERAL_CONVERSION = YES;
				CLANG_WARN_OBJC_ROOT_CLASS = YES_ERROR;
				CLANG_WARN_RANGE_LOOP_ANALYSIS = YES;
				CLANG_WARN_STRICT_PROTOTYPES = YES;
				CLANG_WARN_SUSPICIOUS_MOVE = YES;
				CLANG_WARN_UNGUARDED_AVAILABILITY = YES_AGGRESSIVE;
				CLANG_WARN_UNREACHABLE_CODE = YES;
				CLANG_WARN__DUPLICATE_METHOD_MATCH = YES;
				CODE_SIGN_IDENTITY = "Mac Developer";
				COPY_PHASE_STRIP = NO;
				DEBUG_INFORMATION_FORMAT = dwarf;
				ENABLE_STRICT_OBJC_MSGSEND = YES;
				ENABLE_TESTABILITY = YES;
				GCC_C_LANGUAGE_STANDARD = gnu11;
				GCC_DYNAMIC_NO_PIC = NO;
				GCC_NO_COMMON_BLOCKS = YES;
				GCC_OPTIMIZATION_LEVEL = 0;
				GCC_PREPROCESSOR_DEFINITIONS = (
					"DEBUG=1",
					"$(inherited)",
				);
				GCC_WARN_64_TO_32_BIT_CONVERSION = YES;
				GCC_WARN_ABOUT_RETURN_TYPE = YES_ERROR;
				GCC_WARN_UNDECLARED_SELECTOR = YES;
				GCC_WARN_UNINITIALIZED_AUTOS = YES_AGGRESSIVE;
				GCC_WARN_UNUSED_FUNCTION = YES;
				GCC_WARN_UNUSED_VARIABLE = YES;
				MACOSX_DEPLOYMENT_TARGET = 10.14;
				MTL_ENABLE_DEBUG_INFO = INCLUDE_SOURCE;
				MTL_FAST_MATH = YES;
				ONLY_ACTIVE_ARCH = YES;
				SDKROOT = macosx;
				SWIFT_ACTIVE_COMPILATION_CONDITIONS = DEBUG;
				SWIFT_OPTIMIZATION_LEVEL = "-Onone";
			};
			name = Debug;
		};
		85417D6F226605E60062A081 /* Release */ = {
			isa = XCBuildConfiguration;
			buildSettings = {
				ALWAYS_SEARCH_USER_PATHS = NO;
				CLANG_ANALYZER_NONNULL = YES;
				CLANG_ANALYZER_NUMBER_OBJECT_CONVERSION = YES_AGGRESSIVE;
				CLANG_CXX_LANGUAGE_STANDARD = "gnu++14";
				CLANG_CXX_LIBRARY = "libc++";
				CLANG_ENABLE_MODULES = YES;
				CLANG_ENABLE_OBJC_ARC = YES;
				CLANG_ENABLE_OBJC_WEAK = YES;
				CLANG_WARN_BLOCK_CAPTURE_AUTORELEASING = YES;
				CLANG_WARN_BOOL_CONVERSION = YES;
				CLANG_WARN_COMMA = YES;
				CLANG_WARN_CONSTANT_CONVERSION = YES;
				CLANG_WARN_DEPRECATED_OBJC_IMPLEMENTATIONS = YES;
				CLANG_WARN_DIRECT_OBJC_ISA_USAGE = YES_ERROR;
				CLANG_WARN_DOCUMENTATION_COMMENTS = YES;
				CLANG_WARN_EMPTY_BODY = YES;
				CLANG_WARN_ENUM_CONVERSION = YES;
				CLANG_WARN_INFINITE_RECURSION = YES;
				CLANG_WARN_INT_CONVERSION = YES;
				CLANG_WARN_NON_LITERAL_NULL_CONVERSION = YES;
				CLANG_WARN_OBJC_IMPLICIT_RETAIN_SELF = YES;
				CLANG_WARN_OBJC_LITERAL_CONVERSION = YES;
				CLANG_WARN_OBJC_ROOT_CLASS = YES_ERROR;
				CLANG_WARN_RANGE_LOOP_ANALYSIS = YES;
				CLANG_WARN_STRICT_PROTOTYPES = YES;
				CLANG_WARN_SUSPICIOUS_MOVE = YES;
				CLANG_WARN_UNGUARDED_AVAILABILITY = YES_AGGRESSIVE;
				CLANG_WARN_UNREACHABLE_CODE = YES;
				CLANG_WARN__DUPLICATE_METHOD_MATCH = YES;
				CODE_SIGN_IDENTITY = "Mac Developer";
				COPY_PHASE_STRIP = NO;
				DEBUG_INFORMATION_FORMAT = "dwarf-with-dsym";
				ENABLE_NS_ASSERTIONS = NO;
				ENABLE_STRICT_OBJC_MSGSEND = YES;
				GCC_C_LANGUAGE_STANDARD = gnu11;
				GCC_NO_COMMON_BLOCKS = YES;
				GCC_WARN_64_TO_32_BIT_CONVERSION = YES;
				GCC_WARN_ABOUT_RETURN_TYPE = YES_ERROR;
				GCC_WARN_UNDECLARED_SELECTOR = YES;
				GCC_WARN_UNINITIALIZED_AUTOS = YES_AGGRESSIVE;
				GCC_WARN_UNUSED_FUNCTION = YES;
				GCC_WARN_UNUSED_VARIABLE = YES;
				MACOSX_DEPLOYMENT_TARGET = 10.14;
				MTL_ENABLE_DEBUG_INFO = NO;
				MTL_FAST_MATH = YES;
				SDKROOT = macosx;
				SWIFT_COMPILATION_MODE = wholemodule;
				SWIFT_OPTIMIZATION_LEVEL = "-O";
			};
			name = Release;
		};
		85417D71226605E60062A081 /* Debug */ = {
			isa = XCBuildConfiguration;
			buildSettings = {
				ALWAYS_EMBED_SWIFT_STANDARD_LIBRARIES = YES;
				ASSETCATALOG_COMPILER_APPICON_NAME = AppIcon;
				CODE_SIGN_ENTITLEMENTS = App/DuckDuckGo.entitlements;
				CODE_SIGN_IDENTITY = "Apple Development";
				CODE_SIGN_STYLE = Automatic;
				COMBINE_HIDPI_IMAGES = YES;
				DEVELOPMENT_TEAM = HKE973VLUW;
				ENABLE_HARDENED_RUNTIME = YES;
				INFOPLIST_FILE = App/Info.plist;
				LD_RUNPATH_SEARCH_PATHS = (
					"$(inherited)",
					"@executable_path/../Frameworks",
				);
				MACOSX_DEPLOYMENT_TARGET = 10.13;
				PRODUCT_BUNDLE_IDENTIFIER = com.duckduckgo.macos.PrivacyEssentials;
				PRODUCT_NAME = "$(TARGET_NAME)";
				PROVISIONING_PROFILE_SPECIFIER = "";
				SWIFT_VERSION = 5.0;
			};
			name = Debug;
		};
		85417D72226605E60062A081 /* Release */ = {
			isa = XCBuildConfiguration;
			buildSettings = {
				ALWAYS_EMBED_SWIFT_STANDARD_LIBRARIES = YES;
				ASSETCATALOG_COMPILER_APPICON_NAME = AppIcon;
				CODE_SIGN_ENTITLEMENTS = App/DuckDuckGo.entitlements;
				CODE_SIGN_IDENTITY = "Apple Development";
				CODE_SIGN_STYLE = Automatic;
				COMBINE_HIDPI_IMAGES = YES;
				DEVELOPMENT_TEAM = HKE973VLUW;
				ENABLE_HARDENED_RUNTIME = YES;
				INFOPLIST_FILE = App/Info.plist;
				LD_RUNPATH_SEARCH_PATHS = (
					"$(inherited)",
					"@executable_path/../Frameworks",
				);
				MACOSX_DEPLOYMENT_TARGET = 10.13;
				PRODUCT_BUNDLE_IDENTIFIER = com.duckduckgo.macos.PrivacyEssentials;
				PRODUCT_NAME = "$(TARGET_NAME)";
				PROVISIONING_PROFILE_SPECIFIER = "";
				SWIFT_VERSION = 5.0;
			};
			name = Release;
		};
		85417DA1226762870062A081 /* Debug */ = {
			isa = XCBuildConfiguration;
			buildSettings = {
				ASSETCATALOG_COMPILER_APPICON_NAME = AppIcon;
				CODE_SIGN_ENTITLEMENTS = SafariAppExtension/Safari.entitlements;
				CODE_SIGN_IDENTITY = "Apple Development";
				CODE_SIGN_STYLE = Automatic;
				DEVELOPMENT_TEAM = HKE973VLUW;
				ENABLE_HARDENED_RUNTIME = YES;
				INFOPLIST_FILE = SafariAppExtension/Info.plist;
				LD_RUNPATH_SEARCH_PATHS = (
					"$(inherited)",
					"@executable_path/../Frameworks",
					"@executable_path/../../../../Frameworks",
				);
				MACOSX_DEPLOYMENT_TARGET = 10.13;
				PRODUCT_BUNDLE_IDENTIFIER = com.duckduckgo.macos.PrivacyEssentials.SafariAppExtension;
				PRODUCT_NAME = "$(TARGET_NAME)";
				PROVISIONING_PROFILE_SPECIFIER = "";
				SKIP_INSTALL = YES;
				SWIFT_VERSION = 5.0;
			};
			name = Debug;
		};
		85417DA2226762870062A081 /* Release */ = {
			isa = XCBuildConfiguration;
			buildSettings = {
				ASSETCATALOG_COMPILER_APPICON_NAME = AppIcon;
				CODE_SIGN_ENTITLEMENTS = SafariAppExtension/Safari.entitlements;
				CODE_SIGN_IDENTITY = "Apple Development";
				CODE_SIGN_STYLE = Automatic;
				DEVELOPMENT_TEAM = HKE973VLUW;
				ENABLE_HARDENED_RUNTIME = YES;
				INFOPLIST_FILE = SafariAppExtension/Info.plist;
				LD_RUNPATH_SEARCH_PATHS = (
					"$(inherited)",
					"@executable_path/../Frameworks",
					"@executable_path/../../../../Frameworks",
				);
				MACOSX_DEPLOYMENT_TARGET = 10.13;
				PRODUCT_BUNDLE_IDENTIFIER = com.duckduckgo.macos.PrivacyEssentials.SafariAppExtension;
				PRODUCT_NAME = "$(TARGET_NAME)";
				PROVISIONING_PROFILE_SPECIFIER = "";
				SKIP_INSTALL = YES;
				SWIFT_VERSION = 5.0;
			};
			name = Release;
		};
		85417DB5226762E40062A081 /* Debug */ = {
			isa = XCBuildConfiguration;
			buildSettings = {
				ASSETCATALOG_COMPILER_APPICON_NAME = AppIcon;
				CODE_SIGN_ENTITLEMENTS = ContentBlockerExtension/ContentBlocker.entitlements;
				CODE_SIGN_IDENTITY = "Apple Development";
				CODE_SIGN_STYLE = Automatic;
				DEVELOPMENT_TEAM = HKE973VLUW;
				ENABLE_HARDENED_RUNTIME = YES;
				INFOPLIST_FILE = ContentBlockerExtension/Info.plist;
				LD_RUNPATH_SEARCH_PATHS = (
					"$(inherited)",
					"@executable_path/../Frameworks",
					"@executable_path/../../../../Frameworks",
				);
				MACOSX_DEPLOYMENT_TARGET = 10.13;
				PRODUCT_BUNDLE_IDENTIFIER = com.duckduckgo.macos.PrivacyEssentials.ContentBlockerExtension;
				PRODUCT_NAME = "$(TARGET_NAME)";
				PROVISIONING_PROFILE_SPECIFIER = "";
				SKIP_INSTALL = YES;
				SWIFT_VERSION = 5.0;
			};
			name = Debug;
		};
		85417DB6226762E40062A081 /* Release */ = {
			isa = XCBuildConfiguration;
			buildSettings = {
				ASSETCATALOG_COMPILER_APPICON_NAME = AppIcon;
				CODE_SIGN_ENTITLEMENTS = ContentBlockerExtension/ContentBlocker.entitlements;
				CODE_SIGN_IDENTITY = "Apple Development";
				CODE_SIGN_STYLE = Automatic;
				DEVELOPMENT_TEAM = HKE973VLUW;
				ENABLE_HARDENED_RUNTIME = YES;
				INFOPLIST_FILE = ContentBlockerExtension/Info.plist;
				LD_RUNPATH_SEARCH_PATHS = (
					"$(inherited)",
					"@executable_path/../Frameworks",
					"@executable_path/../../../../Frameworks",
				);
				MACOSX_DEPLOYMENT_TARGET = 10.13;
				PRODUCT_BUNDLE_IDENTIFIER = com.duckduckgo.macos.PrivacyEssentials.ContentBlockerExtension;
				PRODUCT_NAME = "$(TARGET_NAME)";
				PROVISIONING_PROFILE_SPECIFIER = "";
				SKIP_INSTALL = YES;
				SWIFT_VERSION = 5.0;
			};
			name = Release;
		};
		8587A69B2278901400F622AF /* Debug */ = {
			isa = XCBuildConfiguration;
			buildSettings = {
				APPLICATION_EXTENSION_API_ONLY = YES;
				CODE_SIGN_IDENTITY = "";
				CODE_SIGN_STYLE = Automatic;
				COMBINE_HIDPI_IMAGES = YES;
				CURRENT_PROJECT_VERSION = 1;
				DEFINES_MODULE = YES;
				DEVELOPMENT_TEAM = HKE973VLUW;
				DYLIB_COMPATIBILITY_VERSION = 1;
				DYLIB_CURRENT_VERSION = 1;
				DYLIB_INSTALL_NAME_BASE = "@rpath";
				FRAMEWORK_VERSION = A;
				INFOPLIST_FILE = TrackerBlockingFramework/Info.plist;
				INSTALL_PATH = "$(LOCAL_LIBRARY_DIR)/Frameworks";
				LD_RUNPATH_SEARCH_PATHS = (
					"$(inherited)",
					"@executable_path/../Frameworks",
					"@loader_path/Frameworks",
				);
				MACOSX_DEPLOYMENT_TARGET = 10.13;
				PRODUCT_BUNDLE_IDENTIFIER = com.duckduckgo.macos.TrackerBlocking;
				PRODUCT_NAME = "$(TARGET_NAME:c99extidentifier)";
				SKIP_INSTALL = YES;
				SWIFT_VERSION = 5.0;
				VERSIONING_SYSTEM = "apple-generic";
				VERSION_INFO_PREFIX = "";
			};
			name = Debug;
		};
		8587A69C2278901400F622AF /* Release */ = {
			isa = XCBuildConfiguration;
			buildSettings = {
				APPLICATION_EXTENSION_API_ONLY = YES;
				CODE_SIGN_IDENTITY = "";
				CODE_SIGN_STYLE = Automatic;
				COMBINE_HIDPI_IMAGES = YES;
				CURRENT_PROJECT_VERSION = 1;
				DEFINES_MODULE = YES;
				DEVELOPMENT_TEAM = HKE973VLUW;
				DYLIB_COMPATIBILITY_VERSION = 1;
				DYLIB_CURRENT_VERSION = 1;
				DYLIB_INSTALL_NAME_BASE = "@rpath";
				FRAMEWORK_VERSION = A;
				INFOPLIST_FILE = TrackerBlockingFramework/Info.plist;
				INSTALL_PATH = "$(LOCAL_LIBRARY_DIR)/Frameworks";
				LD_RUNPATH_SEARCH_PATHS = (
					"$(inherited)",
					"@executable_path/../Frameworks",
					"@loader_path/Frameworks",
				);
				MACOSX_DEPLOYMENT_TARGET = 10.13;
				PRODUCT_BUNDLE_IDENTIFIER = com.duckduckgo.macos.TrackerBlocking;
				PRODUCT_NAME = "$(TARGET_NAME:c99extidentifier)";
				SKIP_INSTALL = YES;
				SWIFT_VERSION = 5.0;
				VERSIONING_SYSTEM = "apple-generic";
				VERSION_INFO_PREFIX = "";
			};
			name = Release;
		};
		8587A69F2278901400F622AF /* Debug */ = {
			isa = XCBuildConfiguration;
			buildSettings = {
				ALWAYS_EMBED_SWIFT_STANDARD_LIBRARIES = YES;
				CODE_SIGN_STYLE = Automatic;
				COMBINE_HIDPI_IMAGES = YES;
				DEVELOPMENT_TEAM = HKE973VLUW;
				INFOPLIST_FILE = UnitTests/Info.plist;
				LD_RUNPATH_SEARCH_PATHS = (
					"$(inherited)",
					"@executable_path/../Frameworks",
					"@loader_path/../Frameworks",
				);
				PRODUCT_BUNDLE_IDENTIFIER = com.duckduckgo.macos.UnitTests;
				PRODUCT_NAME = "$(TARGET_NAME)";
				SWIFT_VERSION = 5.0;
				TEST_HOST = "$(BUILT_PRODUCTS_DIR)/DuckDuckGo Privacy Essentials.app/Contents/MacOS/DuckDuckGo Privacy Essentials";
			};
			name = Debug;
		};
		8587A6A02278901400F622AF /* Release */ = {
			isa = XCBuildConfiguration;
			buildSettings = {
				ALWAYS_EMBED_SWIFT_STANDARD_LIBRARIES = YES;
				CODE_SIGN_STYLE = Automatic;
				COMBINE_HIDPI_IMAGES = YES;
				DEVELOPMENT_TEAM = HKE973VLUW;
				INFOPLIST_FILE = UnitTests/Info.plist;
				LD_RUNPATH_SEARCH_PATHS = (
					"$(inherited)",
					"@executable_path/../Frameworks",
					"@loader_path/../Frameworks",
				);
				PRODUCT_BUNDLE_IDENTIFIER = com.duckduckgo.macos.UnitTests;
				PRODUCT_NAME = "$(TARGET_NAME)";
				SWIFT_VERSION = 5.0;
			};
			name = Release;
		};
		859914FD227CCC4D0023C1F2 /* Debug */ = {
			isa = XCBuildConfiguration;
			buildSettings = {
				CODE_SIGN_IDENTITY = "-";
				CODE_SIGN_STYLE = Automatic;
				DEVELOPMENT_TEAM = HKE973VLUW;
				PRODUCT_NAME = "$(TARGET_NAME)";
				SWIFT_VERSION = 5.0;
			};
			name = Debug;
		};
		859914FE227CCC4D0023C1F2 /* Release */ = {
			isa = XCBuildConfiguration;
			buildSettings = {
				CODE_SIGN_IDENTITY = "-";
				CODE_SIGN_STYLE = Automatic;
				DEVELOPMENT_TEAM = HKE973VLUW;
				PRODUCT_NAME = "$(TARGET_NAME)";
				SWIFT_VERSION = 5.0;
			};
			name = Release;
		};
		85E9521122AFC7590071281E /* Debug */ = {
			isa = XCBuildConfiguration;
			buildSettings = {
				APPLICATION_EXTENSION_API_ONLY = YES;
				CLANG_ENABLE_MODULES = YES;
				CODE_SIGN_IDENTITY = "";
				CODE_SIGN_STYLE = Automatic;
				COMBINE_HIDPI_IMAGES = YES;
				CURRENT_PROJECT_VERSION = 1;
				DEFINES_MODULE = YES;
				DEVELOPMENT_TEAM = HKE973VLUW;
				DYLIB_COMPATIBILITY_VERSION = 1;
				DYLIB_CURRENT_VERSION = 1;
				DYLIB_INSTALL_NAME_BASE = "@rpath";
				FINFOPLIST_FILE = StatisticsFramework/Info.plist;
				FRAMEWORK_VERSION = A;
				INFOPLIST_FILE = "$(SRCROOT)/StatisticsFramework/Info.plist";
				INSTALL_PATH = "$(LOCAL_LIBRARY_DIR)/Frameworks";
				LD_RUNPATH_SEARCH_PATHS = (
					"$(inherited)",
					"@executable_path/../Frameworks",
					"@loader_path/Frameworks",
				);
				MACOSX_DEPLOYMENT_TARGET = 10.13;
				PRODUCT_BUNDLE_IDENTIFIER = com.duckduckgo.macos.Statistics;
				PRODUCT_NAME = "$(TARGET_NAME:c99extidentifier)";
				SKIP_INSTALL = YES;
				SWIFT_OPTIMIZATION_LEVEL = "-Onone";
				SWIFT_VERSION = 5.0;
				VERSIONING_SYSTEM = "apple-generic";
				VERSION_INFO_PREFIX = "";
			};
			name = Debug;
		};
		85E9521222AFC7590071281E /* Release */ = {
			isa = XCBuildConfiguration;
			buildSettings = {
				APPLICATION_EXTENSION_API_ONLY = YES;
				CLANG_ENABLE_MODULES = YES;
				CODE_SIGN_IDENTITY = "";
				CODE_SIGN_STYLE = Automatic;
				COMBINE_HIDPI_IMAGES = YES;
				CURRENT_PROJECT_VERSION = 1;
				DEFINES_MODULE = YES;
				DEVELOPMENT_TEAM = HKE973VLUW;
				DYLIB_COMPATIBILITY_VERSION = 1;
				DYLIB_CURRENT_VERSION = 1;
				DYLIB_INSTALL_NAME_BASE = "@rpath";
				FRAMEWORK_VERSION = A;
				INFOPLIST_FILE = "$(SRCROOT)/StatisticsFramework/Info.plist";
				INSTALL_PATH = "$(LOCAL_LIBRARY_DIR)/Frameworks";
				LD_RUNPATH_SEARCH_PATHS = (
					"$(inherited)",
					"@executable_path/../Frameworks",
					"@loader_path/Frameworks",
				);
				MACOSX_DEPLOYMENT_TARGET = 10.13;
				PRODUCT_BUNDLE_IDENTIFIER = com.duckduckgo.macos.Statistics;
				PRODUCT_NAME = "$(TARGET_NAME:c99extidentifier)";
				SKIP_INSTALL = YES;
				SWIFT_VERSION = 5.0;
				VERSIONING_SYSTEM = "apple-generic";
				VERSION_INFO_PREFIX = "";
			};
			name = Release;
		};
		85E9523522B0FDE80071281E /* Debug */ = {
			isa = XCBuildConfiguration;
			buildSettings = {
				APPLICATION_EXTENSION_API_ONLY = YES;
				CODE_SIGN_IDENTITY = "";
				CODE_SIGN_STYLE = Automatic;
				COMBINE_HIDPI_IMAGES = YES;
				CURRENT_PROJECT_VERSION = 1;
				DEFINES_MODULE = YES;
				DEVELOPMENT_TEAM = HKE973VLUW;
				DYLIB_COMPATIBILITY_VERSION = 1;
				DYLIB_CURRENT_VERSION = 1;
				DYLIB_INSTALL_NAME_BASE = "@rpath";
				FRAMEWORK_VERSION = A;
				INFOPLIST_FILE = CoreFramework/Info.plist;
				INSTALL_PATH = "$(LOCAL_LIBRARY_DIR)/Frameworks";
				LD_RUNPATH_SEARCH_PATHS = (
					"$(inherited)",
					"@executable_path/../Frameworks",
					"@loader_path/Frameworks",
				);
				MACOSX_DEPLOYMENT_TARGET = 10.13;
				PRODUCT_BUNDLE_IDENTIFIER = com.duckduckgo.macos.Core;
				PRODUCT_NAME = "$(TARGET_NAME:c99extidentifier)";
				SKIP_INSTALL = YES;
				SWIFT_VERSION = 5.0;
				VERSIONING_SYSTEM = "apple-generic";
				VERSION_INFO_PREFIX = "";
			};
			name = Debug;
		};
		85E9523622B0FDE80071281E /* Release */ = {
			isa = XCBuildConfiguration;
			buildSettings = {
				APPLICATION_EXTENSION_API_ONLY = YES;
				CODE_SIGN_IDENTITY = "";
				CODE_SIGN_STYLE = Automatic;
				COMBINE_HIDPI_IMAGES = YES;
				CURRENT_PROJECT_VERSION = 1;
				DEFINES_MODULE = YES;
				DEVELOPMENT_TEAM = HKE973VLUW;
				DYLIB_COMPATIBILITY_VERSION = 1;
				DYLIB_CURRENT_VERSION = 1;
				DYLIB_INSTALL_NAME_BASE = "@rpath";
				FRAMEWORK_VERSION = A;
				INFOPLIST_FILE = CoreFramework/Info.plist;
				INSTALL_PATH = "$(LOCAL_LIBRARY_DIR)/Frameworks";
				LD_RUNPATH_SEARCH_PATHS = (
					"$(inherited)",
					"@executable_path/../Frameworks",
					"@loader_path/Frameworks",
				);
				MACOSX_DEPLOYMENT_TARGET = 10.13;
				PRODUCT_BUNDLE_IDENTIFIER = com.duckduckgo.macos.Core;
				PRODUCT_NAME = "$(TARGET_NAME:c99extidentifier)";
				SKIP_INSTALL = YES;
				SWIFT_VERSION = 5.0;
				VERSIONING_SYSTEM = "apple-generic";
				VERSION_INFO_PREFIX = "";
			};
			name = Release;
		};
/* End XCBuildConfiguration section */

/* Begin XCConfigurationList section */
		85417D5B226605E60062A081 /* Build configuration list for PBXProject "DuckDuckGo" */ = {
			isa = XCConfigurationList;
			buildConfigurations = (
				85417D6E226605E60062A081 /* Debug */,
				85417D6F226605E60062A081 /* Release */,
			);
			defaultConfigurationIsVisible = 0;
			defaultConfigurationName = Release;
		};
		85417D70226605E60062A081 /* Build configuration list for PBXNativeTarget "DuckDuckGo Privacy Essentials" */ = {
			isa = XCConfigurationList;
			buildConfigurations = (
				85417D71226605E60062A081 /* Debug */,
				85417D72226605E60062A081 /* Release */,
			);
			defaultConfigurationIsVisible = 0;
			defaultConfigurationName = Release;
		};
		85417DA0226762870062A081 /* Build configuration list for PBXNativeTarget "SafariAppExtension" */ = {
			isa = XCConfigurationList;
			buildConfigurations = (
				85417DA1226762870062A081 /* Debug */,
				85417DA2226762870062A081 /* Release */,
			);
			defaultConfigurationIsVisible = 0;
			defaultConfigurationName = Release;
		};
		85417DB4226762E40062A081 /* Build configuration list for PBXNativeTarget "ContentBlockerExtension" */ = {
			isa = XCConfigurationList;
			buildConfigurations = (
				85417DB5226762E40062A081 /* Debug */,
				85417DB6226762E40062A081 /* Release */,
			);
			defaultConfigurationIsVisible = 0;
			defaultConfigurationName = Release;
		};
		8587A69A2278901400F622AF /* Build configuration list for PBXNativeTarget "TrackerBlocking" */ = {
			isa = XCConfigurationList;
			buildConfigurations = (
				8587A69B2278901400F622AF /* Debug */,
				8587A69C2278901400F622AF /* Release */,
			);
			defaultConfigurationIsVisible = 0;
			defaultConfigurationName = Release;
		};
		8587A69E2278901400F622AF /* Build configuration list for PBXNativeTarget "UnitTests" */ = {
			isa = XCConfigurationList;
			buildConfigurations = (
				8587A69F2278901400F622AF /* Debug */,
				8587A6A02278901400F622AF /* Release */,
			);
			defaultConfigurationIsVisible = 0;
			defaultConfigurationName = Release;
		};
		859914FF227CCC4D0023C1F2 /* Build configuration list for PBXNativeTarget "TrackersBuilder" */ = {
			isa = XCConfigurationList;
			buildConfigurations = (
				859914FD227CCC4D0023C1F2 /* Debug */,
				859914FE227CCC4D0023C1F2 /* Release */,
			);
			defaultConfigurationIsVisible = 0;
			defaultConfigurationName = Release;
		};
		85E9521322AFC7590071281E /* Build configuration list for PBXNativeTarget "Statistics" */ = {
			isa = XCConfigurationList;
			buildConfigurations = (
				85E9521122AFC7590071281E /* Debug */,
				85E9521222AFC7590071281E /* Release */,
			);
			defaultConfigurationIsVisible = 0;
			defaultConfigurationName = Release;
		};
		85E9523422B0FDE80071281E /* Build configuration list for PBXNativeTarget "Core" */ = {
			isa = XCConfigurationList;
			buildConfigurations = (
				85E9523522B0FDE80071281E /* Debug */,
				85E9523622B0FDE80071281E /* Release */,
			);
			defaultConfigurationIsVisible = 0;
			defaultConfigurationName = Release;
		};
/* End XCConfigurationList section */
	};
	rootObject = 85417D58226605E60062A081 /* Project object */;
}
